// !$*UTF8*$!
{
	archiveVersion = 1;
	classes = {
	};
	objectVersion = 56;
	objects = {

/* Begin PBXBuildFile section */
		600AA11F298EB14E0099A931 /* ServiceProxy.swift in Sources */ = {isa = PBXBuildFile; fileRef = 600AA11E298EB14E0099A931 /* ServiceProxy.swift */; };
		600AA122298EB2780099A931 /* JesflixEnvironment.swift in Sources */ = {isa = PBXBuildFile; fileRef = 600AA121298EB2780099A931 /* JesflixEnvironment.swift */; };
		600AA124298EBAD00099A931 /* DtoMovie.swift in Sources */ = {isa = PBXBuildFile; fileRef = 600AA123298EBAD00099A931 /* DtoMovie.swift */; };
		600AA129298EC4EF0099A931 /* EndPoints.swift in Sources */ = {isa = PBXBuildFile; fileRef = 600AA128298EC4EF0099A931 /* EndPoints.swift */; };
		600AA12B298ECE4A0099A931 /* UIImageView+Extensions.swift in Sources */ = {isa = PBXBuildFile; fileRef = 600AA12A298ECE4A0099A931 /* UIImageView+Extensions.swift */; };
		600AA132298EFEAF0099A931 /* CollectionViewMoviesCell.swift in Sources */ = {isa = PBXBuildFile; fileRef = 600AA131298EFEAF0099A931 /* CollectionViewMoviesCell.swift */; };
		600AA134298F05F90099A931 /* HeroHeader.swift in Sources */ = {isa = PBXBuildFile; fileRef = 600AA133298F05F90099A931 /* HeroHeader.swift */; };
		6016C674297DE10C0046935A /* Colors.swift in Sources */ = {isa = PBXBuildFile; fileRef = 6016C673297DE10C0046935A /* Colors.swift */; };
		6016C677297DE28C0046935A /* UIColor+Extensions.swift in Sources */ = {isa = PBXBuildFile; fileRef = 6016C676297DE28C0046935A /* UIColor+Extensions.swift */; };
		6016C679297DEB320046935A /* UIFont+Extensions.swift in Sources */ = {isa = PBXBuildFile; fileRef = 6016C678297DEB320046935A /* UIFont+Extensions.swift */; };
		6016C67B297DEB890046935A /* Fonts.swift in Sources */ = {isa = PBXBuildFile; fileRef = 6016C67A297DEB890046935A /* Fonts.swift */; };
		604367C3297F3C6C006D9D6B /* String+Extensions.swift in Sources */ = {isa = PBXBuildFile; fileRef = 604367C2297F3C6C006D9D6B /* String+Extensions.swift */; };
		604367D6297F4215006D9D6B /* Localizable.strings in Resources */ = {isa = PBXBuildFile; fileRef = 604367D8297F4215006D9D6B /* Localizable.strings */; };
		604367DC297F43E2006D9D6B /* JesflixTextField.swift in Sources */ = {isa = PBXBuildFile; fileRef = 604367DB297F43E2006D9D6B /* JesflixTextField.swift */; };
		605C7058297D630000249F0B /* AppDelegate.swift in Sources */ = {isa = PBXBuildFile; fileRef = 605C7057297D630000249F0B /* AppDelegate.swift */; };
		605C705A297D630000249F0B /* SceneDelegate.swift in Sources */ = {isa = PBXBuildFile; fileRef = 605C7059297D630000249F0B /* SceneDelegate.swift */; };
		605C705C297D630000249F0B /* ViewController.swift in Sources */ = {isa = PBXBuildFile; fileRef = 605C705B297D630000249F0B /* ViewController.swift */; };
		605C705F297D630000249F0B /* Main.storyboard in Resources */ = {isa = PBXBuildFile; fileRef = 605C705D297D630000249F0B /* Main.storyboard */; };
		605C7061297D630200249F0B /* Assets.xcassets in Resources */ = {isa = PBXBuildFile; fileRef = 605C7060297D630200249F0B /* Assets.xcassets */; };
		605C7064297D630200249F0B /* LaunchScreen.storyboard in Resources */ = {isa = PBXBuildFile; fileRef = 605C7062297D630200249F0B /* LaunchScreen.storyboard */; };
		605C7074297D63C500249F0B /* AppCoordinator.swift in Sources */ = {isa = PBXBuildFile; fileRef = 605C7073297D63C500249F0B /* AppCoordinator.swift */; };
		605C7081297D643900249F0B /* LoginInteractorProtocol.swift in Sources */ = {isa = PBXBuildFile; fileRef = 605C7077297D643900249F0B /* LoginInteractorProtocol.swift */; };
		605C7082297D643900249F0B /* LoginPresenter.swift in Sources */ = {isa = PBXBuildFile; fileRef = 605C7078297D643900249F0B /* LoginPresenter.swift */; };
		605C7083297D643900249F0B /* LoginViewControllerProtocol.swift in Sources */ = {isa = PBXBuildFile; fileRef = 605C7079297D643900249F0B /* LoginViewControllerProtocol.swift */; };
		605C7084297D643900249F0B /* LoginPresenterProtocol.swift in Sources */ = {isa = PBXBuildFile; fileRef = 605C707A297D643900249F0B /* LoginPresenterProtocol.swift */; };
		605C7085297D643900249F0B /* LoginViewController.swift in Sources */ = {isa = PBXBuildFile; fileRef = 605C707B297D643900249F0B /* LoginViewController.swift */; };
		605C7086297D643900249F0B /* LoginBuilder.swift in Sources */ = {isa = PBXBuildFile; fileRef = 605C707C297D643900249F0B /* LoginBuilder.swift */; };
		605C7087297D643900249F0B /* LoginInteractor.swift in Sources */ = {isa = PBXBuildFile; fileRef = 605C707D297D643900249F0B /* LoginInteractor.swift */; };
		605C7088297D643900249F0B /* LoginDataManagerProtocol.swift in Sources */ = {isa = PBXBuildFile; fileRef = 605C707E297D643900249F0B /* LoginDataManagerProtocol.swift */; };
		605C7089297D643900249F0B /* LoginOutput.swift in Sources */ = {isa = PBXBuildFile; fileRef = 605C707F297D643900249F0B /* LoginOutput.swift */; };
		605C708A297D643900249F0B /* LoginDataManager.swift in Sources */ = {isa = PBXBuildFile; fileRef = 605C7080297D643900249F0B /* LoginDataManager.swift */; };
		605C709A297D691500249F0B /* Amaranth-Bold.ttf in Resources */ = {isa = PBXBuildFile; fileRef = 605C7095297D682C00249F0B /* Amaranth-Bold.ttf */; };
		605C709B297D691700249F0B /* Amaranth-BoldItalic.ttf in Resources */ = {isa = PBXBuildFile; fileRef = 605C7096297D683000249F0B /* Amaranth-BoldItalic.ttf */; };
		605C709C297D691A00249F0B /* Amaranth-Italic.ttf in Resources */ = {isa = PBXBuildFile; fileRef = 605C7097297D683100249F0B /* Amaranth-Italic.ttf */; };
		605C709D297D691C00249F0B /* Amaranth-Regular.ttf in Resources */ = {isa = PBXBuildFile; fileRef = 605C7098297D683A00249F0B /* Amaranth-Regular.ttf */; };
		606728C6298FB2A100C6A069 /* CollectionViewMovieCell.swift in Sources */ = {isa = PBXBuildFile; fileRef = 606728C5298FB2A100C6A069 /* CollectionViewMovieCell.swift */; };
		606728CA298FD24200C6A069 /* DtoSerie.swift in Sources */ = {isa = PBXBuildFile; fileRef = 606728C9298FD24200C6A069 /* DtoSerie.swift */; };
		606728D1298FF61900C6A069 /* DtoGenre.swift in Sources */ = {isa = PBXBuildFile; fileRef = 606728D0298FF61900C6A069 /* DtoGenre.swift */; };
		606728D3298FF65800C6A069 /* DtoEntertainmentPagination.swift in Sources */ = {isa = PBXBuildFile; fileRef = 606728D2298FF65800C6A069 /* DtoEntertainmentPagination.swift */; };
		606728D5298FFD8F00C6A069 /* DtoEntertainmentMedia.swift in Sources */ = {isa = PBXBuildFile; fileRef = 606728D4298FFD8F00C6A069 /* DtoEntertainmentMedia.swift */; };
		608890C6299ADB2200E29C17 /* EntertainmentDetailViewController.swift in Sources */ = {isa = PBXBuildFile; fileRef = 608890C5299ADB2200E29C17 /* EntertainmentDetailViewController.swift */; };
		608890CC299AF06300E29C17 /* PlayerDescriptionCell.swift in Sources */ = {isa = PBXBuildFile; fileRef = 608890CB299AF06300E29C17 /* PlayerDescriptionCell.swift */; };
		609C8790299C3F580071DFE5 /* IconLabelView.swift in Sources */ = {isa = PBXBuildFile; fileRef = 609C878F299C3F580071DFE5 /* IconLabelView.swift */; };
		60CAB55429981BE8002E6AE8 /* TabBarPresenter.swift in Sources */ = {isa = PBXBuildFile; fileRef = 60CAB54A29981BE8002E6AE8 /* TabBarPresenter.swift */; };
		60CAB55529981BE8002E6AE8 /* TabBarViewControllerProtocol.swift in Sources */ = {isa = PBXBuildFile; fileRef = 60CAB54B29981BE8002E6AE8 /* TabBarViewControllerProtocol.swift */; };
		60CAB55629981BE8002E6AE8 /* TabBarPresenterProtocol.swift in Sources */ = {isa = PBXBuildFile; fileRef = 60CAB54C29981BE8002E6AE8 /* TabBarPresenterProtocol.swift */; };
		60CAB55729981BE8002E6AE8 /* TabBarViewController.swift in Sources */ = {isa = PBXBuildFile; fileRef = 60CAB54D29981BE8002E6AE8 /* TabBarViewController.swift */; };
		60CAB55829981BE8002E6AE8 /* TabBarBuilder.swift in Sources */ = {isa = PBXBuildFile; fileRef = 60CAB54E29981BE8002E6AE8 /* TabBarBuilder.swift */; };
		60CAB561299822A1002E6AE8 /* TabBarCoordinator.swift in Sources */ = {isa = PBXBuildFile; fileRef = 60CAB560299822A1002E6AE8 /* TabBarCoordinator.swift */; };
		60CAB578299830D9002E6AE8 /* NavBar.swift in Sources */ = {isa = PBXBuildFile; fileRef = 60CAB577299830D9002E6AE8 /* NavBar.swift */; };
		60CAB588299942D4002E6AE8 /* EntertainmentDetailInteractorProtocol.swift in Sources */ = {isa = PBXBuildFile; fileRef = 60CAB57E299942D4002E6AE8 /* EntertainmentDetailInteractorProtocol.swift */; };
		60CAB589299942D4002E6AE8 /* EntertainmentDetailPresenter.swift in Sources */ = {isa = PBXBuildFile; fileRef = 60CAB57F299942D4002E6AE8 /* EntertainmentDetailPresenter.swift */; };
		60CAB58A299942D4002E6AE8 /* EntertainmentDetailViewControllerProtocol.swift in Sources */ = {isa = PBXBuildFile; fileRef = 60CAB580299942D4002E6AE8 /* EntertainmentDetailViewControllerProtocol.swift */; };
		60CAB58B299942D4002E6AE8 /* EntertainmentDetailPresenterProtocol.swift in Sources */ = {isa = PBXBuildFile; fileRef = 60CAB581299942D4002E6AE8 /* EntertainmentDetailPresenterProtocol.swift */; };
		60CAB58D299942D4002E6AE8 /* EntertainmentDetailBuilder.swift in Sources */ = {isa = PBXBuildFile; fileRef = 60CAB583299942D4002E6AE8 /* EntertainmentDetailBuilder.swift */; };
		60CAB58E299942D4002E6AE8 /* EntertainmentDetailInteractor.swift in Sources */ = {isa = PBXBuildFile; fileRef = 60CAB584299942D4002E6AE8 /* EntertainmentDetailInteractor.swift */; };
		60CAB58F299942D4002E6AE8 /* EntertainmentDetailDataManagerProtocol.swift in Sources */ = {isa = PBXBuildFile; fileRef = 60CAB585299942D4002E6AE8 /* EntertainmentDetailDataManagerProtocol.swift */; };
		60CAB590299942D4002E6AE8 /* EntertainmentDetailOutput.swift in Sources */ = {isa = PBXBuildFile; fileRef = 60CAB586299942D4002E6AE8 /* EntertainmentDetailOutput.swift */; };
		60CAB591299942D4002E6AE8 /* EntertainmentDetailDataManager.swift in Sources */ = {isa = PBXBuildFile; fileRef = 60CAB587299942D4002E6AE8 /* EntertainmentDetailDataManager.swift */; };
		60DB5963298B0043004ACFBE /* JesflixErrors.swift in Sources */ = {isa = PBXBuildFile; fileRef = 60DB5962298B0043004ACFBE /* JesflixErrors.swift */; };
		60DB5965298B16E7004ACFBE /* JesflixButton.swift in Sources */ = {isa = PBXBuildFile; fileRef = 60DB5964298B16E7004ACFBE /* JesflixButton.swift */; };
		60DB5969298B1D68004ACFBE /* JesflixSizes.swift in Sources */ = {isa = PBXBuildFile; fileRef = 60DB5968298B1D68004ACFBE /* JesflixSizes.swift */; };
		60FB83692986DD9F00F99D4C /* DtoUser.swift in Sources */ = {isa = PBXBuildFile; fileRef = 60FB83682986DD9F00F99D4C /* DtoUser.swift */; };
		60FB836F2986E29A00F99D4C /* JesflixCoreData.xcdatamodeld in Sources */ = {isa = PBXBuildFile; fileRef = 60FB836D2986E29A00F99D4C /* JesflixCoreData.xcdatamodeld */; };
		60FB83712986E30600F99D4C /* CoreData.swift in Sources */ = {isa = PBXBuildFile; fileRef = 60FB83702986E30600F99D4C /* CoreData.swift */; };
		60FB837929872C6A00F99D4C /* GoogleService-Info.plist in Resources */ = {isa = PBXBuildFile; fileRef = 60FB837829872C6A00F99D4C /* GoogleService-Info.plist */; };
		60FB837C29872E3500F99D4C /* UIViewController+Extensions.swift in Sources */ = {isa = PBXBuildFile; fileRef = 60FB837B29872E3500F99D4C /* UIViewController+Extensions.swift */; };
		60FB8388298734C600F99D4C /* HomeInteractorProtocol.swift in Sources */ = {isa = PBXBuildFile; fileRef = 60FB837E298734C600F99D4C /* HomeInteractorProtocol.swift */; };
		60FB8389298734C600F99D4C /* HomePresenter.swift in Sources */ = {isa = PBXBuildFile; fileRef = 60FB837F298734C600F99D4C /* HomePresenter.swift */; };
		60FB838A298734C600F99D4C /* HomeViewControllerProtocol.swift in Sources */ = {isa = PBXBuildFile; fileRef = 60FB8380298734C600F99D4C /* HomeViewControllerProtocol.swift */; };
		60FB838B298734C600F99D4C /* HomePresenterProtocol.swift in Sources */ = {isa = PBXBuildFile; fileRef = 60FB8381298734C600F99D4C /* HomePresenterProtocol.swift */; };
		60FB838C298734C600F99D4C /* HomeViewController.swift in Sources */ = {isa = PBXBuildFile; fileRef = 60FB8382298734C600F99D4C /* HomeViewController.swift */; };
		60FB838D298734C600F99D4C /* HomeBuilder.swift in Sources */ = {isa = PBXBuildFile; fileRef = 60FB8383298734C600F99D4C /* HomeBuilder.swift */; };
		60FB838E298734C600F99D4C /* HomeInteractor.swift in Sources */ = {isa = PBXBuildFile; fileRef = 60FB8384298734C600F99D4C /* HomeInteractor.swift */; };
		60FB838F298734C600F99D4C /* HomeDataManagerProtocol.swift in Sources */ = {isa = PBXBuildFile; fileRef = 60FB8385298734C600F99D4C /* HomeDataManagerProtocol.swift */; };
		60FB8390298734C600F99D4C /* HomeOutput.swift in Sources */ = {isa = PBXBuildFile; fileRef = 60FB8386298734C600F99D4C /* HomeOutput.swift */; };
		60FB8391298734C600F99D4C /* HomeDataManager.swift in Sources */ = {isa = PBXBuildFile; fileRef = 60FB8387298734C600F99D4C /* HomeDataManager.swift */; };
		60FB83982987353600F99D4C /* HomeCoordinator.swift in Sources */ = {isa = PBXBuildFile; fileRef = 60FB83972987353600F99D4C /* HomeCoordinator.swift */; };
		8D43318DB99F69095338E031 /* Pods_Jesflix.framework in Frameworks */ = {isa = PBXBuildFile; fileRef = 5738AAD43404D8F8F236E020 /* Pods_Jesflix.framework */; };
/* End PBXBuildFile section */

/* Begin PBXFileReference section */
		5738AAD43404D8F8F236E020 /* Pods_Jesflix.framework */ = {isa = PBXFileReference; explicitFileType = wrapper.framework; includeInIndex = 0; path = Pods_Jesflix.framework; sourceTree = BUILT_PRODUCTS_DIR; };
		600AA11E298EB14E0099A931 /* ServiceProxy.swift */ = {isa = PBXFileReference; lastKnownFileType = sourcecode.swift; path = ServiceProxy.swift; sourceTree = "<group>"; };
		600AA121298EB2780099A931 /* JesflixEnvironment.swift */ = {isa = PBXFileReference; lastKnownFileType = sourcecode.swift; path = JesflixEnvironment.swift; sourceTree = "<group>"; };
		600AA123298EBAD00099A931 /* DtoMovie.swift */ = {isa = PBXFileReference; lastKnownFileType = sourcecode.swift; path = DtoMovie.swift; sourceTree = "<group>"; };
		600AA128298EC4EF0099A931 /* EndPoints.swift */ = {isa = PBXFileReference; lastKnownFileType = sourcecode.swift; path = EndPoints.swift; sourceTree = "<group>"; };
		600AA12A298ECE4A0099A931 /* UIImageView+Extensions.swift */ = {isa = PBXFileReference; lastKnownFileType = sourcecode.swift; path = "UIImageView+Extensions.swift"; sourceTree = "<group>"; };
		600AA131298EFEAF0099A931 /* CollectionViewMoviesCell.swift */ = {isa = PBXFileReference; lastKnownFileType = sourcecode.swift; path = CollectionViewMoviesCell.swift; sourceTree = "<group>"; };
		600AA133298F05F90099A931 /* HeroHeader.swift */ = {isa = PBXFileReference; lastKnownFileType = sourcecode.swift; path = HeroHeader.swift; sourceTree = "<group>"; };
		6016C673297DE10C0046935A /* Colors.swift */ = {isa = PBXFileReference; lastKnownFileType = sourcecode.swift; path = Colors.swift; sourceTree = "<group>"; };
		6016C676297DE28C0046935A /* UIColor+Extensions.swift */ = {isa = PBXFileReference; lastKnownFileType = sourcecode.swift; path = "UIColor+Extensions.swift"; sourceTree = "<group>"; };
		6016C678297DEB320046935A /* UIFont+Extensions.swift */ = {isa = PBXFileReference; lastKnownFileType = sourcecode.swift; path = "UIFont+Extensions.swift"; sourceTree = "<group>"; };
		6016C67A297DEB890046935A /* Fonts.swift */ = {isa = PBXFileReference; lastKnownFileType = sourcecode.swift; path = Fonts.swift; sourceTree = "<group>"; };
		604367C2297F3C6C006D9D6B /* String+Extensions.swift */ = {isa = PBXFileReference; lastKnownFileType = sourcecode.swift; path = "String+Extensions.swift"; sourceTree = "<group>"; };
		604367C6297F3D53006D9D6B /* es */ = {isa = PBXFileReference; lastKnownFileType = text.plist.strings; name = es; path = es.lproj/Main.strings; sourceTree = "<group>"; };
		604367C7297F3D53006D9D6B /* es */ = {isa = PBXFileReference; lastKnownFileType = text.plist.strings; name = es; path = es.lproj/LaunchScreen.strings; sourceTree = "<group>"; };
		604367D7297F4215006D9D6B /* en */ = {isa = PBXFileReference; lastKnownFileType = text.plist.strings; name = en; path = en.lproj/Localizable.strings; sourceTree = "<group>"; };
		604367D9297F421D006D9D6B /* es */ = {isa = PBXFileReference; lastKnownFileType = text.plist.strings; name = es; path = es.lproj/Localizable.strings; sourceTree = "<group>"; };
		604367DB297F43E2006D9D6B /* JesflixTextField.swift */ = {isa = PBXFileReference; lastKnownFileType = sourcecode.swift; path = JesflixTextField.swift; sourceTree = "<group>"; };
		604367DE297F48C8006D9D6B /* en */ = {isa = PBXFileReference; lastKnownFileType = text.plist.strings; name = en; path = en.lproj/Main.strings; sourceTree = "<group>"; };
		604367E0297F48CB006D9D6B /* en */ = {isa = PBXFileReference; lastKnownFileType = text.plist.strings; name = en; path = en.lproj/LaunchScreen.strings; sourceTree = "<group>"; };
		605C7054297D630000249F0B /* Jesflix.app */ = {isa = PBXFileReference; explicitFileType = wrapper.application; includeInIndex = 0; path = Jesflix.app; sourceTree = BUILT_PRODUCTS_DIR; };
		605C7057297D630000249F0B /* AppDelegate.swift */ = {isa = PBXFileReference; lastKnownFileType = sourcecode.swift; path = AppDelegate.swift; sourceTree = "<group>"; };
		605C7059297D630000249F0B /* SceneDelegate.swift */ = {isa = PBXFileReference; lastKnownFileType = sourcecode.swift; path = SceneDelegate.swift; sourceTree = "<group>"; };
		605C705B297D630000249F0B /* ViewController.swift */ = {isa = PBXFileReference; lastKnownFileType = sourcecode.swift; path = ViewController.swift; sourceTree = "<group>"; };
		605C705E297D630000249F0B /* Base */ = {isa = PBXFileReference; lastKnownFileType = file.storyboard; name = Base; path = Base.lproj/Main.storyboard; sourceTree = "<group>"; };
		605C7060297D630200249F0B /* Assets.xcassets */ = {isa = PBXFileReference; lastKnownFileType = folder.assetcatalog; path = Assets.xcassets; sourceTree = "<group>"; };
		605C7063297D630200249F0B /* Base */ = {isa = PBXFileReference; lastKnownFileType = file.storyboard; name = Base; path = Base.lproj/LaunchScreen.storyboard; sourceTree = "<group>"; };
		605C7065297D630200249F0B /* Info.plist */ = {isa = PBXFileReference; lastKnownFileType = text.plist.xml; path = Info.plist; sourceTree = "<group>"; };
		605C7073297D63C500249F0B /* AppCoordinator.swift */ = {isa = PBXFileReference; lastKnownFileType = sourcecode.swift; path = AppCoordinator.swift; sourceTree = "<group>"; };
		605C7077297D643900249F0B /* LoginInteractorProtocol.swift */ = {isa = PBXFileReference; lastKnownFileType = sourcecode.swift; path = LoginInteractorProtocol.swift; sourceTree = "<group>"; };
		605C7078297D643900249F0B /* LoginPresenter.swift */ = {isa = PBXFileReference; lastKnownFileType = sourcecode.swift; path = LoginPresenter.swift; sourceTree = "<group>"; };
		605C7079297D643900249F0B /* LoginViewControllerProtocol.swift */ = {isa = PBXFileReference; lastKnownFileType = sourcecode.swift; path = LoginViewControllerProtocol.swift; sourceTree = "<group>"; };
		605C707A297D643900249F0B /* LoginPresenterProtocol.swift */ = {isa = PBXFileReference; lastKnownFileType = sourcecode.swift; path = LoginPresenterProtocol.swift; sourceTree = "<group>"; };
		605C707B297D643900249F0B /* LoginViewController.swift */ = {isa = PBXFileReference; lastKnownFileType = sourcecode.swift; path = LoginViewController.swift; sourceTree = "<group>"; };
		605C707C297D643900249F0B /* LoginBuilder.swift */ = {isa = PBXFileReference; lastKnownFileType = sourcecode.swift; path = LoginBuilder.swift; sourceTree = "<group>"; };
		605C707D297D643900249F0B /* LoginInteractor.swift */ = {isa = PBXFileReference; lastKnownFileType = sourcecode.swift; path = LoginInteractor.swift; sourceTree = "<group>"; };
		605C707E297D643900249F0B /* LoginDataManagerProtocol.swift */ = {isa = PBXFileReference; lastKnownFileType = sourcecode.swift; path = LoginDataManagerProtocol.swift; sourceTree = "<group>"; };
		605C707F297D643900249F0B /* LoginOutput.swift */ = {isa = PBXFileReference; lastKnownFileType = sourcecode.swift; path = LoginOutput.swift; sourceTree = "<group>"; };
		605C7080297D643900249F0B /* LoginDataManager.swift */ = {isa = PBXFileReference; lastKnownFileType = sourcecode.swift; path = LoginDataManager.swift; sourceTree = "<group>"; };
		605C7095297D682C00249F0B /* Amaranth-Bold.ttf */ = {isa = PBXFileReference; lastKnownFileType = file; path = "Amaranth-Bold.ttf"; sourceTree = "<group>"; };
		605C7096297D683000249F0B /* Amaranth-BoldItalic.ttf */ = {isa = PBXFileReference; lastKnownFileType = file; path = "Amaranth-BoldItalic.ttf"; sourceTree = "<group>"; };
		605C7097297D683100249F0B /* Amaranth-Italic.ttf */ = {isa = PBXFileReference; lastKnownFileType = file; path = "Amaranth-Italic.ttf"; sourceTree = "<group>"; };
		605C7098297D683A00249F0B /* Amaranth-Regular.ttf */ = {isa = PBXFileReference; lastKnownFileType = file; path = "Amaranth-Regular.ttf"; sourceTree = "<group>"; };
		606728C5298FB2A100C6A069 /* CollectionViewMovieCell.swift */ = {isa = PBXFileReference; lastKnownFileType = sourcecode.swift; path = CollectionViewMovieCell.swift; sourceTree = "<group>"; };
		606728C9298FD24200C6A069 /* DtoSerie.swift */ = {isa = PBXFileReference; lastKnownFileType = sourcecode.swift; path = DtoSerie.swift; sourceTree = "<group>"; };
		606728D0298FF61900C6A069 /* DtoGenre.swift */ = {isa = PBXFileReference; lastKnownFileType = sourcecode.swift; path = DtoGenre.swift; sourceTree = "<group>"; };
		606728D2298FF65800C6A069 /* DtoEntertainmentPagination.swift */ = {isa = PBXFileReference; lastKnownFileType = sourcecode.swift; path = DtoEntertainmentPagination.swift; sourceTree = "<group>"; };
		606728D4298FFD8F00C6A069 /* DtoEntertainmentMedia.swift */ = {isa = PBXFileReference; lastKnownFileType = sourcecode.swift; path = DtoEntertainmentMedia.swift; sourceTree = "<group>"; };
		608890C5299ADB2200E29C17 /* EntertainmentDetailViewController.swift */ = {isa = PBXFileReference; lastKnownFileType = sourcecode.swift; path = EntertainmentDetailViewController.swift; sourceTree = "<group>"; };
		608890CB299AF06300E29C17 /* PlayerDescriptionCell.swift */ = {isa = PBXFileReference; lastKnownFileType = sourcecode.swift; path = PlayerDescriptionCell.swift; sourceTree = "<group>"; };
		609C878F299C3F580071DFE5 /* IconLabelView.swift */ = {isa = PBXFileReference; lastKnownFileType = sourcecode.swift; path = IconLabelView.swift; sourceTree = "<group>"; };
		60CAB54A29981BE8002E6AE8 /* TabBarPresenter.swift */ = {isa = PBXFileReference; lastKnownFileType = sourcecode.swift; path = TabBarPresenter.swift; sourceTree = "<group>"; };
		60CAB54B29981BE8002E6AE8 /* TabBarViewControllerProtocol.swift */ = {isa = PBXFileReference; lastKnownFileType = sourcecode.swift; path = TabBarViewControllerProtocol.swift; sourceTree = "<group>"; };
		60CAB54C29981BE8002E6AE8 /* TabBarPresenterProtocol.swift */ = {isa = PBXFileReference; lastKnownFileType = sourcecode.swift; path = TabBarPresenterProtocol.swift; sourceTree = "<group>"; };
		60CAB54D29981BE8002E6AE8 /* TabBarViewController.swift */ = {isa = PBXFileReference; lastKnownFileType = sourcecode.swift; path = TabBarViewController.swift; sourceTree = "<group>"; };
		60CAB54E29981BE8002E6AE8 /* TabBarBuilder.swift */ = {isa = PBXFileReference; lastKnownFileType = sourcecode.swift; path = TabBarBuilder.swift; sourceTree = "<group>"; };
		60CAB560299822A1002E6AE8 /* TabBarCoordinator.swift */ = {isa = PBXFileReference; lastKnownFileType = sourcecode.swift; path = TabBarCoordinator.swift; sourceTree = "<group>"; };
		60CAB577299830D9002E6AE8 /* NavBar.swift */ = {isa = PBXFileReference; lastKnownFileType = sourcecode.swift; path = NavBar.swift; sourceTree = "<group>"; };
		60CAB57E299942D4002E6AE8 /* EntertainmentDetailInteractorProtocol.swift */ = {isa = PBXFileReference; lastKnownFileType = sourcecode.swift; path = EntertainmentDetailInteractorProtocol.swift; sourceTree = "<group>"; };
		60CAB57F299942D4002E6AE8 /* EntertainmentDetailPresenter.swift */ = {isa = PBXFileReference; lastKnownFileType = sourcecode.swift; path = EntertainmentDetailPresenter.swift; sourceTree = "<group>"; };
		60CAB580299942D4002E6AE8 /* EntertainmentDetailViewControllerProtocol.swift */ = {isa = PBXFileReference; lastKnownFileType = sourcecode.swift; path = EntertainmentDetailViewControllerProtocol.swift; sourceTree = "<group>"; };
		60CAB581299942D4002E6AE8 /* EntertainmentDetailPresenterProtocol.swift */ = {isa = PBXFileReference; lastKnownFileType = sourcecode.swift; path = EntertainmentDetailPresenterProtocol.swift; sourceTree = "<group>"; };
		60CAB583299942D4002E6AE8 /* EntertainmentDetailBuilder.swift */ = {isa = PBXFileReference; lastKnownFileType = sourcecode.swift; path = EntertainmentDetailBuilder.swift; sourceTree = "<group>"; };
		60CAB584299942D4002E6AE8 /* EntertainmentDetailInteractor.swift */ = {isa = PBXFileReference; lastKnownFileType = sourcecode.swift; path = EntertainmentDetailInteractor.swift; sourceTree = "<group>"; };
		60CAB585299942D4002E6AE8 /* EntertainmentDetailDataManagerProtocol.swift */ = {isa = PBXFileReference; lastKnownFileType = sourcecode.swift; path = EntertainmentDetailDataManagerProtocol.swift; sourceTree = "<group>"; };
		60CAB586299942D4002E6AE8 /* EntertainmentDetailOutput.swift */ = {isa = PBXFileReference; lastKnownFileType = sourcecode.swift; path = EntertainmentDetailOutput.swift; sourceTree = "<group>"; };
		60CAB587299942D4002E6AE8 /* EntertainmentDetailDataManager.swift */ = {isa = PBXFileReference; lastKnownFileType = sourcecode.swift; path = EntertainmentDetailDataManager.swift; sourceTree = "<group>"; };
		60DB5962298B0043004ACFBE /* JesflixErrors.swift */ = {isa = PBXFileReference; lastKnownFileType = sourcecode.swift; path = JesflixErrors.swift; sourceTree = "<group>"; };
		60DB5964298B16E7004ACFBE /* JesflixButton.swift */ = {isa = PBXFileReference; lastKnownFileType = sourcecode.swift; path = JesflixButton.swift; sourceTree = "<group>"; };
		60DB5968298B1D68004ACFBE /* JesflixSizes.swift */ = {isa = PBXFileReference; lastKnownFileType = sourcecode.swift; path = JesflixSizes.swift; sourceTree = "<group>"; };
		60FB83682986DD9F00F99D4C /* DtoUser.swift */ = {isa = PBXFileReference; lastKnownFileType = sourcecode.swift; path = DtoUser.swift; sourceTree = "<group>"; };
		60FB836E2986E29A00F99D4C /* JesflixCoreData.xcdatamodel */ = {isa = PBXFileReference; lastKnownFileType = wrapper.xcdatamodel; path = JesflixCoreData.xcdatamodel; sourceTree = "<group>"; };
		60FB83702986E30600F99D4C /* CoreData.swift */ = {isa = PBXFileReference; lastKnownFileType = sourcecode.swift; path = CoreData.swift; sourceTree = "<group>"; };
		60FB837829872C6A00F99D4C /* GoogleService-Info.plist */ = {isa = PBXFileReference; fileEncoding = 4; lastKnownFileType = text.plist.xml; path = "GoogleService-Info.plist"; sourceTree = "<group>"; };
		60FB837B29872E3500F99D4C /* UIViewController+Extensions.swift */ = {isa = PBXFileReference; lastKnownFileType = sourcecode.swift; path = "UIViewController+Extensions.swift"; sourceTree = "<group>"; };
		60FB837E298734C600F99D4C /* HomeInteractorProtocol.swift */ = {isa = PBXFileReference; lastKnownFileType = sourcecode.swift; path = HomeInteractorProtocol.swift; sourceTree = "<group>"; };
		60FB837F298734C600F99D4C /* HomePresenter.swift */ = {isa = PBXFileReference; lastKnownFileType = sourcecode.swift; path = HomePresenter.swift; sourceTree = "<group>"; };
		60FB8380298734C600F99D4C /* HomeViewControllerProtocol.swift */ = {isa = PBXFileReference; lastKnownFileType = sourcecode.swift; path = HomeViewControllerProtocol.swift; sourceTree = "<group>"; };
		60FB8381298734C600F99D4C /* HomePresenterProtocol.swift */ = {isa = PBXFileReference; lastKnownFileType = sourcecode.swift; path = HomePresenterProtocol.swift; sourceTree = "<group>"; };
		60FB8382298734C600F99D4C /* HomeViewController.swift */ = {isa = PBXFileReference; lastKnownFileType = sourcecode.swift; path = HomeViewController.swift; sourceTree = "<group>"; };
		60FB8383298734C600F99D4C /* HomeBuilder.swift */ = {isa = PBXFileReference; lastKnownFileType = sourcecode.swift; path = HomeBuilder.swift; sourceTree = "<group>"; };
		60FB8384298734C600F99D4C /* HomeInteractor.swift */ = {isa = PBXFileReference; lastKnownFileType = sourcecode.swift; path = HomeInteractor.swift; sourceTree = "<group>"; };
		60FB8385298734C600F99D4C /* HomeDataManagerProtocol.swift */ = {isa = PBXFileReference; lastKnownFileType = sourcecode.swift; path = HomeDataManagerProtocol.swift; sourceTree = "<group>"; };
		60FB8386298734C600F99D4C /* HomeOutput.swift */ = {isa = PBXFileReference; lastKnownFileType = sourcecode.swift; path = HomeOutput.swift; sourceTree = "<group>"; };
		60FB8387298734C600F99D4C /* HomeDataManager.swift */ = {isa = PBXFileReference; lastKnownFileType = sourcecode.swift; path = HomeDataManager.swift; sourceTree = "<group>"; };
		60FB83972987353600F99D4C /* HomeCoordinator.swift */ = {isa = PBXFileReference; lastKnownFileType = sourcecode.swift; path = HomeCoordinator.swift; sourceTree = "<group>"; };
		C9426A5CC3B56D5C1F82F410 /* Pods-Jesflix.release.xcconfig */ = {isa = PBXFileReference; includeInIndex = 1; lastKnownFileType = text.xcconfig; name = "Pods-Jesflix.release.xcconfig"; path = "Target Support Files/Pods-Jesflix/Pods-Jesflix.release.xcconfig"; sourceTree = "<group>"; };
		CB7917AC5AE2C0FBD0ED54CA /* Pods-Jesflix.debug.xcconfig */ = {isa = PBXFileReference; includeInIndex = 1; lastKnownFileType = text.xcconfig; name = "Pods-Jesflix.debug.xcconfig"; path = "Target Support Files/Pods-Jesflix/Pods-Jesflix.debug.xcconfig"; sourceTree = "<group>"; };
/* End PBXFileReference section */

/* Begin PBXFrameworksBuildPhase section */
		605C7051297D630000249F0B /* Frameworks */ = {
			isa = PBXFrameworksBuildPhase;
			buildActionMask = 2147483647;
			files = (
				8D43318DB99F69095338E031 /* Pods_Jesflix.framework in Frameworks */,
			);
			runOnlyForDeploymentPostprocessing = 0;
		};
/* End PBXFrameworksBuildPhase section */

/* Begin PBXGroup section */
		001BAC6B051DAD716A169475 /* Pods */ = {
			isa = PBXGroup;
			children = (
				CB7917AC5AE2C0FBD0ED54CA /* Pods-Jesflix.debug.xcconfig */,
				C9426A5CC3B56D5C1F82F410 /* Pods-Jesflix.release.xcconfig */,
			);
			path = Pods;
			sourceTree = "<group>";
		};
		600AA11D298EB13C0099A931 /* Network */ = {
			isa = PBXGroup;
			children = (
				600AA125298EBE590099A931 /* Entities */,
				600AA11E298EB14E0099A931 /* ServiceProxy.swift */,
				600AA128298EC4EF0099A931 /* EndPoints.swift */,
			);
			path = Network;
			sourceTree = "<group>";
		};
		600AA120298EB21A0099A931 /* Environment */ = {
			isa = PBXGroup;
			children = (
				600AA121298EB2780099A931 /* JesflixEnvironment.swift */,
			);
			path = Environment;
			sourceTree = "<group>";
		};
		600AA125298EBE590099A931 /* Entities */ = {
			isa = PBXGroup;
			children = (
				600AA123298EBAD00099A931 /* DtoMovie.swift */,
				606728C9298FD24200C6A069 /* DtoSerie.swift */,
				60FB83682986DD9F00F99D4C /* DtoUser.swift */,
				606728D2298FF65800C6A069 /* DtoEntertainmentPagination.swift */,
				606728D0298FF61900C6A069 /* DtoGenre.swift */,
				606728D4298FFD8F00C6A069 /* DtoEntertainmentMedia.swift */,
			);
			path = Entities;
			sourceTree = "<group>";
		};
		600AA12E298EFE7F0099A931 /* ui */ = {
			isa = PBXGroup;
			children = (
				604367DB297F43E2006D9D6B /* JesflixTextField.swift */,
				60DB5964298B16E7004ACFBE /* JesflixButton.swift */,
				60CAB577299830D9002E6AE8 /* NavBar.swift */,
			);
			path = ui;
			sourceTree = "<group>";
		};
		600AA12F298EFE9A0099A931 /* views */ = {
			isa = PBXGroup;
			children = (
				600AA133298F05F90099A931 /* HeroHeader.swift */,
				609C878F299C3F580071DFE5 /* IconLabelView.swift */,
			);
			path = views;
			sourceTree = "<group>";
		};
		600AA130298EFEA20099A931 /* cells */ = {
			isa = PBXGroup;
			children = (
				600AA131298EFEAF0099A931 /* CollectionViewMoviesCell.swift */,
				606728C5298FB2A100C6A069 /* CollectionViewMovieCell.swift */,
				608890CB299AF06300E29C17 /* PlayerDescriptionCell.swift */,
			);
			path = cells;
			sourceTree = "<group>";
		};
		6016C672297DE0E60046935A /* Utils */ = {
			isa = PBXGroup;
			children = (
				6016C675297DE27F0046935A /* Extensions */,
				60DB5962298B0043004ACFBE /* JesflixErrors.swift */,
				60DB5968298B1D68004ACFBE /* JesflixSizes.swift */,
			);
			path = Utils;
			sourceTree = "<group>";
		};
		6016C675297DE27F0046935A /* Extensions */ = {
			isa = PBXGroup;
			children = (
				6016C676297DE28C0046935A /* UIColor+Extensions.swift */,
				6016C678297DEB320046935A /* UIFont+Extensions.swift */,
				604367C2297F3C6C006D9D6B /* String+Extensions.swift */,
				60FB837B29872E3500F99D4C /* UIViewController+Extensions.swift */,
				600AA12A298ECE4A0099A931 /* UIImageView+Extensions.swift */,
			);
			path = Extensions;
			sourceTree = "<group>";
		};
		604367DA297F43BE006D9D6B /* Components */ = {
			isa = PBXGroup;
			children = (
				600AA130298EFEA20099A931 /* cells */,
				600AA12F298EFE9A0099A931 /* views */,
				600AA12E298EFE7F0099A931 /* ui */,
			);
			path = Components;
			sourceTree = "<group>";
		};
		605C704B297D630000249F0B = {
			isa = PBXGroup;
			children = (
				600AA120298EB21A0099A931 /* Environment */,
				60FB837829872C6A00F99D4C /* GoogleService-Info.plist */,
				60FB83672986DD8A00F99D4C /* Data */,
				604367DA297F43BE006D9D6B /* Components */,
				604367D8297F4215006D9D6B /* Localizable.strings */,
				6016C672297DE0E60046935A /* Utils */,
				605C708F297D673100249F0B /* Theme */,
				605C7075297D641200249F0B /* Modules */,
				605C7072297D63B500249F0B /* Coordinators */,
				605C7056297D630000249F0B /* Jesflix */,
				605C7055297D630000249F0B /* Products */,
				001BAC6B051DAD716A169475 /* Pods */,
				A3835D61A356DB8D46CCB30C /* Frameworks */,
			);
			sourceTree = "<group>";
		};
		605C7055297D630000249F0B /* Products */ = {
			isa = PBXGroup;
			children = (
				605C7054297D630000249F0B /* Jesflix.app */,
			);
			name = Products;
			sourceTree = "<group>";
		};
		605C7056297D630000249F0B /* Jesflix */ = {
			isa = PBXGroup;
			children = (
				605C7057297D630000249F0B /* AppDelegate.swift */,
				605C7059297D630000249F0B /* SceneDelegate.swift */,
				605C705B297D630000249F0B /* ViewController.swift */,
				605C705D297D630000249F0B /* Main.storyboard */,
				605C7060297D630200249F0B /* Assets.xcassets */,
				605C7062297D630200249F0B /* LaunchScreen.storyboard */,
				605C7065297D630200249F0B /* Info.plist */,
			);
			path = Jesflix;
			sourceTree = "<group>";
		};
		605C7072297D63B500249F0B /* Coordinators */ = {
			isa = PBXGroup;
			children = (
				605C7073297D63C500249F0B /* AppCoordinator.swift */,
				60FB83972987353600F99D4C /* HomeCoordinator.swift */,
				60CAB560299822A1002E6AE8 /* TabBarCoordinator.swift */,
			);
			path = Coordinators;
			sourceTree = "<group>";
		};
		605C7075297D641200249F0B /* Modules */ = {
			isa = PBXGroup;
			children = (
				60CAB57D299942B2002E6AE8 /* EntertainmentDetail */,
				60CAB54829981BD4002E6AE8 /* TabBar */,
				60FB837D298734B000F99D4C /* Home */,
				605C7076297D641800249F0B /* Login */,
			);
			path = Modules;
			sourceTree = "<group>";
		};
		605C7076297D641800249F0B /* Login */ = {
			isa = PBXGroup;
			children = (
				605C708E297D645300249F0B /* DataManager */,
				605C708D297D644E00249F0B /* Interactor */,
				605C708C297D644900249F0B /* Presenter */,
				605C708B297D643E00249F0B /* View */,
				605C707C297D643900249F0B /* LoginBuilder.swift */,
				605C707F297D643900249F0B /* LoginOutput.swift */,
			);
			path = Login;
			sourceTree = "<group>";
		};
		605C708B297D643E00249F0B /* View */ = {
			isa = PBXGroup;
			children = (
				605C7079297D643900249F0B /* LoginViewControllerProtocol.swift */,
				605C707B297D643900249F0B /* LoginViewController.swift */,
			);
			path = View;
			sourceTree = "<group>";
		};
		605C708C297D644900249F0B /* Presenter */ = {
			isa = PBXGroup;
			children = (
				605C7078297D643900249F0B /* LoginPresenter.swift */,
				605C707A297D643900249F0B /* LoginPresenterProtocol.swift */,
			);
			path = Presenter;
			sourceTree = "<group>";
		};
		605C708D297D644E00249F0B /* Interactor */ = {
			isa = PBXGroup;
			children = (
				605C7077297D643900249F0B /* LoginInteractorProtocol.swift */,
				605C707D297D643900249F0B /* LoginInteractor.swift */,
			);
			path = Interactor;
			sourceTree = "<group>";
		};
		605C708E297D645300249F0B /* DataManager */ = {
			isa = PBXGroup;
			children = (
				605C707E297D643900249F0B /* LoginDataManagerProtocol.swift */,
				605C7080297D643900249F0B /* LoginDataManager.swift */,
			);
			path = DataManager;
			sourceTree = "<group>";
		};
		605C708F297D673100249F0B /* Theme */ = {
			isa = PBXGroup;
			children = (
				605C7090297D673B00249F0B /* Font */,
				6016C673297DE10C0046935A /* Colors.swift */,
			);
			path = Theme;
			sourceTree = "<group>";
		};
		605C7090297D673B00249F0B /* Font */ = {
			isa = PBXGroup;
			children = (
				605C7095297D682C00249F0B /* Amaranth-Bold.ttf */,
				605C7096297D683000249F0B /* Amaranth-BoldItalic.ttf */,
				605C7097297D683100249F0B /* Amaranth-Italic.ttf */,
				605C7098297D683A00249F0B /* Amaranth-Regular.ttf */,
				6016C67A297DEB890046935A /* Fonts.swift */,
			);
			path = Font;
			sourceTree = "<group>";
		};
		608890C7299AEDB900E29C17 /* View */ = {
			isa = PBXGroup;
			children = (
				60CAB580299942D4002E6AE8 /* EntertainmentDetailViewControllerProtocol.swift */,
				608890C5299ADB2200E29C17 /* EntertainmentDetailViewController.swift */,
			);
			path = View;
			sourceTree = "<group>";
		};
		608890C8299AEDC300E29C17 /* Presenter */ = {
			isa = PBXGroup;
			children = (
				60CAB57F299942D4002E6AE8 /* EntertainmentDetailPresenter.swift */,
				60CAB581299942D4002E6AE8 /* EntertainmentDetailPresenterProtocol.swift */,
			);
			path = Presenter;
			sourceTree = "<group>";
		};
		608890C9299AEDC900E29C17 /* Interactor */ = {
			isa = PBXGroup;
			children = (
				60CAB57E299942D4002E6AE8 /* EntertainmentDetailInteractorProtocol.swift */,
				60CAB584299942D4002E6AE8 /* EntertainmentDetailInteractor.swift */,
			);
			path = Interactor;
			sourceTree = "<group>";
		};
		608890CA299AEDCF00E29C17 /* DataManager */ = {
			isa = PBXGroup;
			children = (
				60CAB585299942D4002E6AE8 /* EntertainmentDetailDataManagerProtocol.swift */,
				60CAB587299942D4002E6AE8 /* EntertainmentDetailDataManager.swift */,
			);
			path = DataManager;
			sourceTree = "<group>";
		};
		60CAB54829981BD4002E6AE8 /* TabBar */ = {
			isa = PBXGroup;
			children = (
				60CAB55E29982134002E6AE8 /* Presenter */,
				60CAB55D2998212B002E6AE8 /* View */,
				60CAB54E29981BE8002E6AE8 /* TabBarBuilder.swift */,
			);
			path = TabBar;
			sourceTree = "<group>";
		};
		60CAB55D2998212B002E6AE8 /* View */ = {
			isa = PBXGroup;
			children = (
				60CAB54B29981BE8002E6AE8 /* TabBarViewControllerProtocol.swift */,
				60CAB54D29981BE8002E6AE8 /* TabBarViewController.swift */,
			);
			path = View;
			sourceTree = "<group>";
		};
		60CAB55E29982134002E6AE8 /* Presenter */ = {
			isa = PBXGroup;
			children = (
				60CAB54A29981BE8002E6AE8 /* TabBarPresenter.swift */,
				60CAB54C29981BE8002E6AE8 /* TabBarPresenterProtocol.swift */,
			);
			path = Presenter;
			sourceTree = "<group>";
		};
		60CAB57D299942B2002E6AE8 /* EntertainmentDetail */ = {
			isa = PBXGroup;
			children = (
				608890CA299AEDCF00E29C17 /* DataManager */,
				608890C9299AEDC900E29C17 /* Interactor */,
				608890C8299AEDC300E29C17 /* Presenter */,
				608890C7299AEDB900E29C17 /* View */,
				60CAB583299942D4002E6AE8 /* EntertainmentDetailBuilder.swift */,
				60CAB586299942D4002E6AE8 /* EntertainmentDetailOutput.swift */,
			);
			path = EntertainmentDetail;
			sourceTree = "<group>";
		};
		60FB83672986DD8A00F99D4C /* Data */ = {
			isa = PBXGroup;
			children = (
				600AA11D298EB13C0099A931 /* Network */,
				60FB836A2986E27400F99D4C /* CoreData */,
			);
			path = Data;
			sourceTree = "<group>";
		};
		60FB836A2986E27400F99D4C /* CoreData */ = {
			isa = PBXGroup;
			children = (
				60FB836D2986E29A00F99D4C /* JesflixCoreData.xcdatamodeld */,
				60FB83702986E30600F99D4C /* CoreData.swift */,
			);
			path = CoreData;
			sourceTree = "<group>";
		};
		60FB837D298734B000F99D4C /* Home */ = {
			isa = PBXGroup;
			children = (
				60FB8395298734F400F99D4C /* DataManager */,
				60FB8393298734D300F99D4C /* Interactor */,
				60FB8392298734CB00F99D4C /* Presenter */,
				60FB8394298734D900F99D4C /* View */,
				60FB8383298734C600F99D4C /* HomeBuilder.swift */,
				60FB8386298734C600F99D4C /* HomeOutput.swift */,
			);
			path = Home;
			sourceTree = "<group>";
		};
		60FB8392298734CB00F99D4C /* Presenter */ = {
			isa = PBXGroup;
			children = (
				60FB837F298734C600F99D4C /* HomePresenter.swift */,
				60FB8381298734C600F99D4C /* HomePresenterProtocol.swift */,
			);
			path = Presenter;
			sourceTree = "<group>";
		};
		60FB8393298734D300F99D4C /* Interactor */ = {
			isa = PBXGroup;
			children = (
				60FB837E298734C600F99D4C /* HomeInteractorProtocol.swift */,
				60FB8384298734C600F99D4C /* HomeInteractor.swift */,
			);
			path = Interactor;
			sourceTree = "<group>";
		};
		60FB8394298734D900F99D4C /* View */ = {
			isa = PBXGroup;
			children = (
				60FB8380298734C600F99D4C /* HomeViewControllerProtocol.swift */,
				60FB8382298734C600F99D4C /* HomeViewController.swift */,
			);
			path = View;
			sourceTree = "<group>";
		};
		60FB8395298734F400F99D4C /* DataManager */ = {
			isa = PBXGroup;
			children = (
				60FB8385298734C600F99D4C /* HomeDataManagerProtocol.swift */,
				60FB8387298734C600F99D4C /* HomeDataManager.swift */,
			);
			path = DataManager;
			sourceTree = "<group>";
		};
		A3835D61A356DB8D46CCB30C /* Frameworks */ = {
			isa = PBXGroup;
			children = (
				5738AAD43404D8F8F236E020 /* Pods_Jesflix.framework */,
			);
			name = Frameworks;
			sourceTree = "<group>";
		};
/* End PBXGroup section */

/* Begin PBXNativeTarget section */
		605C7053297D630000249F0B /* Jesflix */ = {
			isa = PBXNativeTarget;
			buildConfigurationList = 605C7068297D630200249F0B /* Build configuration list for PBXNativeTarget "Jesflix" */;
			buildPhases = (
				4A5893E5344AAAD3A7293D20 /* [CP] Check Pods Manifest.lock */,
				605C7050297D630000249F0B /* Sources */,
				605C7051297D630000249F0B /* Frameworks */,
				605C7052297D630000249F0B /* Resources */,
				6039BDB3297DD3C800E7DAE9 /* Swiftlint */,
				6879259457EC1A0AFAB35AF5 /* [CP] Embed Pods Frameworks */,
			);
			buildRules = (
			);
			dependencies = (
			);
			name = Jesflix;
			productName = Jesflix;
			productReference = 605C7054297D630000249F0B /* Jesflix.app */;
			productType = "com.apple.product-type.application";
		};
/* End PBXNativeTarget section */

/* Begin PBXProject section */
		605C704C297D630000249F0B /* Project object */ = {
			isa = PBXProject;
			attributes = {
				BuildIndependentTargetsInParallel = 1;
				LastSwiftUpdateCheck = 1400;
				LastUpgradeCheck = 1400;
				TargetAttributes = {
					605C7053297D630000249F0B = {
						CreatedOnToolsVersion = 14.0;
					};
				};
			};
			buildConfigurationList = 605C704F297D630000249F0B /* Build configuration list for PBXProject "Jesflix" */;
			compatibilityVersion = "Xcode 14.0";
			developmentRegion = en;
			hasScannedForEncodings = 0;
			knownRegions = (
				en,
				Base,
				es,
			);
			mainGroup = 605C704B297D630000249F0B;
			productRefGroup = 605C7055297D630000249F0B /* Products */;
			projectDirPath = "";
			projectRoot = "";
			targets = (
				605C7053297D630000249F0B /* Jesflix */,
			);
		};
/* End PBXProject section */

/* Begin PBXResourcesBuildPhase section */
		605C7052297D630000249F0B /* Resources */ = {
			isa = PBXResourcesBuildPhase;
			buildActionMask = 2147483647;
			files = (
				605C709C297D691A00249F0B /* Amaranth-Italic.ttf in Resources */,
				605C709B297D691700249F0B /* Amaranth-BoldItalic.ttf in Resources */,
				60FB837929872C6A00F99D4C /* GoogleService-Info.plist in Resources */,
				605C7064297D630200249F0B /* LaunchScreen.storyboard in Resources */,
				605C7061297D630200249F0B /* Assets.xcassets in Resources */,
				605C709D297D691C00249F0B /* Amaranth-Regular.ttf in Resources */,
				604367D6297F4215006D9D6B /* Localizable.strings in Resources */,
				605C705F297D630000249F0B /* Main.storyboard in Resources */,
				605C709A297D691500249F0B /* Amaranth-Bold.ttf in Resources */,
			);
			runOnlyForDeploymentPostprocessing = 0;
		};
/* End PBXResourcesBuildPhase section */

/* Begin PBXShellScriptBuildPhase section */
		4A5893E5344AAAD3A7293D20 /* [CP] Check Pods Manifest.lock */ = {
			isa = PBXShellScriptBuildPhase;
			buildActionMask = 2147483647;
			files = (
			);
			inputFileListPaths = (
			);
			inputPaths = (
				"${PODS_PODFILE_DIR_PATH}/Podfile.lock",
				"${PODS_ROOT}/Manifest.lock",
			);
			name = "[CP] Check Pods Manifest.lock";
			outputFileListPaths = (
			);
			outputPaths = (
				"$(DERIVED_FILE_DIR)/Pods-Jesflix-checkManifestLockResult.txt",
			);
			runOnlyForDeploymentPostprocessing = 0;
			shellPath = /bin/sh;
			shellScript = "diff \"${PODS_PODFILE_DIR_PATH}/Podfile.lock\" \"${PODS_ROOT}/Manifest.lock\" > /dev/null\nif [ $? != 0 ] ; then\n    # print error to STDERR\n    echo \"error: The sandbox is not in sync with the Podfile.lock. Run 'pod install' or update your CocoaPods installation.\" >&2\n    exit 1\nfi\n# This output is used by Xcode 'outputs' to avoid re-running this script phase.\necho \"SUCCESS\" > \"${SCRIPT_OUTPUT_FILE_0}\"\n";
			showEnvVarsInLog = 0;
		};
		6039BDB3297DD3C800E7DAE9 /* Swiftlint */ = {
			isa = PBXShellScriptBuildPhase;
			alwaysOutOfDate = 1;
			buildActionMask = 2147483647;
			files = (
			);
			inputFileListPaths = (
			);
			inputPaths = (
			);
			name = Swiftlint;
			outputFileListPaths = (
			);
			outputPaths = (
			);
			runOnlyForDeploymentPostprocessing = 0;
			shellPath = /bin/sh;
			shellScript = "\"${PODS_ROOT}/SwiftLint/swiftlint\" lint --config .swiftlint.yml --strict | sed \"s/warning:/error:/\"\n";
		};
		6879259457EC1A0AFAB35AF5 /* [CP] Embed Pods Frameworks */ = {
			isa = PBXShellScriptBuildPhase;
			buildActionMask = 2147483647;
			files = (
			);
			inputFileListPaths = (
				"${PODS_ROOT}/Target Support Files/Pods-Jesflix/Pods-Jesflix-frameworks-${CONFIGURATION}-input-files.xcfilelist",
			);
			name = "[CP] Embed Pods Frameworks";
			outputFileListPaths = (
				"${PODS_ROOT}/Target Support Files/Pods-Jesflix/Pods-Jesflix-frameworks-${CONFIGURATION}-output-files.xcfilelist",
			);
			runOnlyForDeploymentPostprocessing = 0;
			shellPath = /bin/sh;
			shellScript = "\"${PODS_ROOT}/Target Support Files/Pods-Jesflix/Pods-Jesflix-frameworks.sh\"\n";
			showEnvVarsInLog = 0;
		};
/* End PBXShellScriptBuildPhase section */

/* Begin PBXSourcesBuildPhase section */
		605C7050297D630000249F0B /* Sources */ = {
			isa = PBXSourcesBuildPhase;
			buildActionMask = 2147483647;
			files = (
				605C7085297D643900249F0B /* LoginViewController.swift in Sources */,
				600AA124298EBAD00099A931 /* DtoMovie.swift in Sources */,
				60CAB58F299942D4002E6AE8 /* EntertainmentDetailDataManagerProtocol.swift in Sources */,
				600AA12B298ECE4A0099A931 /* UIImageView+Extensions.swift in Sources */,
				60DB5963298B0043004ACFBE /* JesflixErrors.swift in Sources */,
				60FB838B298734C600F99D4C /* HomePresenterProtocol.swift in Sources */,
				6016C674297DE10C0046935A /* Colors.swift in Sources */,
				605C7087297D643900249F0B /* LoginInteractor.swift in Sources */,
				606728D5298FFD8F00C6A069 /* DtoEntertainmentMedia.swift in Sources */,
				605C7082297D643900249F0B /* LoginPresenter.swift in Sources */,
				60FB837C29872E3500F99D4C /* UIViewController+Extensions.swift in Sources */,
				60CAB561299822A1002E6AE8 /* TabBarCoordinator.swift in Sources */,
				609C8790299C3F580071DFE5 /* IconLabelView.swift in Sources */,
				605C7089297D643900249F0B /* LoginOutput.swift in Sources */,
				605C7083297D643900249F0B /* LoginViewControllerProtocol.swift in Sources */,
				60FB8391298734C600F99D4C /* HomeDataManager.swift in Sources */,
				60FB838F298734C600F99D4C /* HomeDataManagerProtocol.swift in Sources */,
				605C7084297D643900249F0B /* LoginPresenterProtocol.swift in Sources */,
				606728C6298FB2A100C6A069 /* CollectionViewMovieCell.swift in Sources */,
				60DB5965298B16E7004ACFBE /* JesflixButton.swift in Sources */,
				600AA132298EFEAF0099A931 /* CollectionViewMoviesCell.swift in Sources */,
				60CAB591299942D4002E6AE8 /* EntertainmentDetailDataManager.swift in Sources */,
				606728D1298FF61900C6A069 /* DtoGenre.swift in Sources */,
				60FB8390298734C600F99D4C /* HomeOutput.swift in Sources */,
				60CAB55429981BE8002E6AE8 /* TabBarPresenter.swift in Sources */,
				60CAB58E299942D4002E6AE8 /* EntertainmentDetailInteractor.swift in Sources */,
				60FB83982987353600F99D4C /* HomeCoordinator.swift in Sources */,
				60FB838A298734C600F99D4C /* HomeViewControllerProtocol.swift in Sources */,
				608890CC299AF06300E29C17 /* PlayerDescriptionCell.swift in Sources */,
				60FB838E298734C600F99D4C /* HomeInteractor.swift in Sources */,
				60DB5969298B1D68004ACFBE /* JesflixSizes.swift in Sources */,
				60CAB588299942D4002E6AE8 /* EntertainmentDetailInteractorProtocol.swift in Sources */,
				605C7088297D643900249F0B /* LoginDataManagerProtocol.swift in Sources */,
				60FB8389298734C600F99D4C /* HomePresenter.swift in Sources */,
				60FB838D298734C600F99D4C /* HomeBuilder.swift in Sources */,
				60CAB58A299942D4002E6AE8 /* EntertainmentDetailViewControllerProtocol.swift in Sources */,
				600AA122298EB2780099A931 /* JesflixEnvironment.swift in Sources */,
				605C7081297D643900249F0B /* LoginInteractorProtocol.swift in Sources */,
				60CAB55529981BE8002E6AE8 /* TabBarViewControllerProtocol.swift in Sources */,
				60CAB589299942D4002E6AE8 /* EntertainmentDetailPresenter.swift in Sources */,
				600AA134298F05F90099A931 /* HeroHeader.swift in Sources */,
				60CAB55829981BE8002E6AE8 /* TabBarBuilder.swift in Sources */,
				60CAB590299942D4002E6AE8 /* EntertainmentDetailOutput.swift in Sources */,
				60CAB58D299942D4002E6AE8 /* EntertainmentDetailBuilder.swift in Sources */,
				60CAB55729981BE8002E6AE8 /* TabBarViewController.swift in Sources */,
				60CAB55629981BE8002E6AE8 /* TabBarPresenterProtocol.swift in Sources */,
				605C7074297D63C500249F0B /* AppCoordinator.swift in Sources */,
				608890C6299ADB2200E29C17 /* EntertainmentDetailViewController.swift in Sources */,
				60CAB578299830D9002E6AE8 /* NavBar.swift in Sources */,
				605C705C297D630000249F0B /* ViewController.swift in Sources */,
				600AA129298EC4EF0099A931 /* EndPoints.swift in Sources */,
				6016C677297DE28C0046935A /* UIColor+Extensions.swift in Sources */,
				605C7086297D643900249F0B /* LoginBuilder.swift in Sources */,
				604367C3297F3C6C006D9D6B /* String+Extensions.swift in Sources */,
				605C7058297D630000249F0B /* AppDelegate.swift in Sources */,
				600AA11F298EB14E0099A931 /* ServiceProxy.swift in Sources */,
				60FB838C298734C600F99D4C /* HomeViewController.swift in Sources */,
				604367DC297F43E2006D9D6B /* JesflixTextField.swift in Sources */,
				60FB836F2986E29A00F99D4C /* JesflixCoreData.xcdatamodeld in Sources */,
				60CAB58B299942D4002E6AE8 /* EntertainmentDetailPresenterProtocol.swift in Sources */,
				606728CA298FD24200C6A069 /* DtoSerie.swift in Sources */,
				6016C679297DEB320046935A /* UIFont+Extensions.swift in Sources */,
				605C705A297D630000249F0B /* SceneDelegate.swift in Sources */,
				6016C67B297DEB890046935A /* Fonts.swift in Sources */,
				605C708A297D643900249F0B /* LoginDataManager.swift in Sources */,
				60FB83712986E30600F99D4C /* CoreData.swift in Sources */,
				60FB83692986DD9F00F99D4C /* DtoUser.swift in Sources */,
				60FB8388298734C600F99D4C /* HomeInteractorProtocol.swift in Sources */,
				606728D3298FF65800C6A069 /* DtoEntertainmentPagination.swift in Sources */,
			);
			runOnlyForDeploymentPostprocessing = 0;
		};
/* End PBXSourcesBuildPhase section */

/* Begin PBXVariantGroup section */
		604367D8297F4215006D9D6B /* Localizable.strings */ = {
			isa = PBXVariantGroup;
			children = (
				604367D7297F4215006D9D6B /* en */,
				604367D9297F421D006D9D6B /* es */,
			);
			name = Localizable.strings;
			sourceTree = "<group>";
		};
		605C705D297D630000249F0B /* Main.storyboard */ = {
			isa = PBXVariantGroup;
			children = (
				605C705E297D630000249F0B /* Base */,
				604367C6297F3D53006D9D6B /* es */,
				604367DE297F48C8006D9D6B /* en */,
			);
			name = Main.storyboard;
			sourceTree = "<group>";
		};
		605C7062297D630200249F0B /* LaunchScreen.storyboard */ = {
			isa = PBXVariantGroup;
			children = (
				605C7063297D630200249F0B /* Base */,
				604367C7297F3D53006D9D6B /* es */,
				604367E0297F48CB006D9D6B /* en */,
			);
			name = LaunchScreen.storyboard;
			sourceTree = "<group>";
		};
/* End PBXVariantGroup section */

/* Begin XCBuildConfiguration section */
		605C7066297D630200249F0B /* Debug */ = {
			isa = XCBuildConfiguration;
			buildSettings = {
				ALWAYS_SEARCH_USER_PATHS = NO;
				CLANG_ANALYZER_LOCALIZABILITY_NONLOCALIZED = YES;
				CLANG_ANALYZER_NONNULL = YES;
				CLANG_ANALYZER_NUMBER_OBJECT_CONVERSION = YES_AGGRESSIVE;
				CLANG_CXX_LANGUAGE_STANDARD = "gnu++20";
				CLANG_ENABLE_MODULES = YES;
				CLANG_ENABLE_OBJC_ARC = YES;
				CLANG_ENABLE_OBJC_WEAK = YES;
				CLANG_WARN_BLOCK_CAPTURE_AUTORELEASING = YES;
				CLANG_WARN_BOOL_CONVERSION = YES;
				CLANG_WARN_COMMA = YES;
				CLANG_WARN_CONSTANT_CONVERSION = YES;
				CLANG_WARN_DEPRECATED_OBJC_IMPLEMENTATIONS = YES;
				CLANG_WARN_DIRECT_OBJC_ISA_USAGE = YES_ERROR;
				CLANG_WARN_DOCUMENTATION_COMMENTS = YES;
				CLANG_WARN_EMPTY_BODY = YES;
				CLANG_WARN_ENUM_CONVERSION = YES;
				CLANG_WARN_INFINITE_RECURSION = YES;
				CLANG_WARN_INT_CONVERSION = YES;
				CLANG_WARN_NON_LITERAL_NULL_CONVERSION = YES;
				CLANG_WARN_OBJC_IMPLICIT_RETAIN_SELF = YES;
				CLANG_WARN_OBJC_LITERAL_CONVERSION = YES;
				CLANG_WARN_OBJC_ROOT_CLASS = YES_ERROR;
				CLANG_WARN_QUOTED_INCLUDE_IN_FRAMEWORK_HEADER = YES;
				CLANG_WARN_RANGE_LOOP_ANALYSIS = YES;
				CLANG_WARN_STRICT_PROTOTYPES = YES;
				CLANG_WARN_SUSPICIOUS_MOVE = YES;
				CLANG_WARN_UNGUARDED_AVAILABILITY = YES_AGGRESSIVE;
				CLANG_WARN_UNREACHABLE_CODE = YES;
				CLANG_WARN__DUPLICATE_METHOD_MATCH = YES;
				COPY_PHASE_STRIP = NO;
				DEBUG_INFORMATION_FORMAT = dwarf;
				ENABLE_STRICT_OBJC_MSGSEND = YES;
				ENABLE_TESTABILITY = YES;
				GCC_C_LANGUAGE_STANDARD = gnu11;
				GCC_DYNAMIC_NO_PIC = NO;
				GCC_NO_COMMON_BLOCKS = YES;
				GCC_OPTIMIZATION_LEVEL = 0;
				GCC_PREPROCESSOR_DEFINITIONS = (
					"DEBUG=1",
					"$(inherited)",
				);
				GCC_WARN_64_TO_32_BIT_CONVERSION = YES;
				GCC_WARN_ABOUT_RETURN_TYPE = YES_ERROR;
				GCC_WARN_UNDECLARED_SELECTOR = YES;
				GCC_WARN_UNINITIALIZED_AUTOS = YES_AGGRESSIVE;
				GCC_WARN_UNUSED_FUNCTION = YES;
				GCC_WARN_UNUSED_VARIABLE = YES;
				IPHONEOS_DEPLOYMENT_TARGET = 16.0;
				MTL_ENABLE_DEBUG_INFO = INCLUDE_SOURCE;
				MTL_FAST_MATH = YES;
				ONLY_ACTIVE_ARCH = YES;
				SDKROOT = iphoneos;
				SWIFT_ACTIVE_COMPILATION_CONDITIONS = DEBUG;
				SWIFT_OPTIMIZATION_LEVEL = "-Onone";
			};
			name = Debug;
		};
		605C7067297D630200249F0B /* Release */ = {
			isa = XCBuildConfiguration;
			buildSettings = {
				ALWAYS_SEARCH_USER_PATHS = NO;
				CLANG_ANALYZER_LOCALIZABILITY_NONLOCALIZED = YES;
				CLANG_ANALYZER_NONNULL = YES;
				CLANG_ANALYZER_NUMBER_OBJECT_CONVERSION = YES_AGGRESSIVE;
				CLANG_CXX_LANGUAGE_STANDARD = "gnu++20";
				CLANG_ENABLE_MODULES = YES;
				CLANG_ENABLE_OBJC_ARC = YES;
				CLANG_ENABLE_OBJC_WEAK = YES;
				CLANG_WARN_BLOCK_CAPTURE_AUTORELEASING = YES;
				CLANG_WARN_BOOL_CONVERSION = YES;
				CLANG_WARN_COMMA = YES;
				CLANG_WARN_CONSTANT_CONVERSION = YES;
				CLANG_WARN_DEPRECATED_OBJC_IMPLEMENTATIONS = YES;
				CLANG_WARN_DIRECT_OBJC_ISA_USAGE = YES_ERROR;
				CLANG_WARN_DOCUMENTATION_COMMENTS = YES;
				CLANG_WARN_EMPTY_BODY = YES;
				CLANG_WARN_ENUM_CONVERSION = YES;
				CLANG_WARN_INFINITE_RECURSION = YES;
				CLANG_WARN_INT_CONVERSION = YES;
				CLANG_WARN_NON_LITERAL_NULL_CONVERSION = YES;
				CLANG_WARN_OBJC_IMPLICIT_RETAIN_SELF = YES;
				CLANG_WARN_OBJC_LITERAL_CONVERSION = YES;
				CLANG_WARN_OBJC_ROOT_CLASS = YES_ERROR;
				CLANG_WARN_QUOTED_INCLUDE_IN_FRAMEWORK_HEADER = YES;
				CLANG_WARN_RANGE_LOOP_ANALYSIS = YES;
				CLANG_WARN_STRICT_PROTOTYPES = YES;
				CLANG_WARN_SUSPICIOUS_MOVE = YES;
				CLANG_WARN_UNGUARDED_AVAILABILITY = YES_AGGRESSIVE;
				CLANG_WARN_UNREACHABLE_CODE = YES;
				CLANG_WARN__DUPLICATE_METHOD_MATCH = YES;
				COPY_PHASE_STRIP = NO;
				DEBUG_INFORMATION_FORMAT = "dwarf-with-dsym";
				ENABLE_NS_ASSERTIONS = NO;
				ENABLE_STRICT_OBJC_MSGSEND = YES;
				GCC_C_LANGUAGE_STANDARD = gnu11;
				GCC_NO_COMMON_BLOCKS = YES;
				GCC_WARN_64_TO_32_BIT_CONVERSION = YES;
				GCC_WARN_ABOUT_RETURN_TYPE = YES_ERROR;
				GCC_WARN_UNDECLARED_SELECTOR = YES;
				GCC_WARN_UNINITIALIZED_AUTOS = YES_AGGRESSIVE;
				GCC_WARN_UNUSED_FUNCTION = YES;
				GCC_WARN_UNUSED_VARIABLE = YES;
				IPHONEOS_DEPLOYMENT_TARGET = 16.0;
				MTL_ENABLE_DEBUG_INFO = NO;
				MTL_FAST_MATH = YES;
				SDKROOT = iphoneos;
				SWIFT_COMPILATION_MODE = wholemodule;
				SWIFT_OPTIMIZATION_LEVEL = "-O";
				VALIDATE_PRODUCT = YES;
			};
			name = Release;
		};
		605C7069297D630200249F0B /* Debug */ = {
			isa = XCBuildConfiguration;
			baseConfigurationReference = CB7917AC5AE2C0FBD0ED54CA /* Pods-Jesflix.debug.xcconfig */;
			buildSettings = {
				ASSETCATALOG_COMPILER_APPICON_NAME = AppIcon;
				ASSETCATALOG_COMPILER_GLOBAL_ACCENT_COLOR_NAME = AccentColor;
				CODE_SIGN_STYLE = Automatic;
				CURRENT_PROJECT_VERSION = 1;
				DEVELOPMENT_TEAM = ANBRNG88KJ;
				GENERATE_INFOPLIST_FILE = YES;
				INFOPLIST_FILE = Jesflix/Info.plist;
				INFOPLIST_KEY_CFBundleDisplayName = Jesflix;
				INFOPLIST_KEY_LSApplicationCategoryType = "public.app-category.entertainment";
				INFOPLIST_KEY_UIApplicationSupportsIndirectInputEvents = YES;
				INFOPLIST_KEY_UILaunchStoryboardName = LaunchScreen;
				INFOPLIST_KEY_UIMainStoryboardFile = Main;
				INFOPLIST_KEY_UISupportedInterfaceOrientations_iPad = "UIInterfaceOrientationPortrait UIInterfaceOrientationPortraitUpsideDown UIInterfaceOrientationLandscapeLeft UIInterfaceOrientationLandscapeRight";
				INFOPLIST_KEY_UISupportedInterfaceOrientations_iPhone = "UIInterfaceOrientationPortrait UIInterfaceOrientationLandscapeLeft UIInterfaceOrientationLandscapeRight";
				LD_RUNPATH_SEARCH_PATHS = (
					"$(inherited)",
					"@executable_path/Frameworks",
				);
				MARKETING_VERSION = 1.0;
				PRODUCT_BUNDLE_IDENTIFIER = jesusmarzor.Jesflix;
				PRODUCT_NAME = "$(TARGET_NAME)";
				SWIFT_EMIT_LOC_STRINGS = YES;
				SWIFT_VERSION = 5.0;
				TARGETED_DEVICE_FAMILY = "1,2";
			};
			name = Debug;
		};
		605C706A297D630200249F0B /* Release */ = {
			isa = XCBuildConfiguration;
			baseConfigurationReference = C9426A5CC3B56D5C1F82F410 /* Pods-Jesflix.release.xcconfig */;
			buildSettings = {
				ASSETCATALOG_COMPILER_APPICON_NAME = AppIcon;
				ASSETCATALOG_COMPILER_GLOBAL_ACCENT_COLOR_NAME = AccentColor;
				CODE_SIGN_STYLE = Automatic;
				CURRENT_PROJECT_VERSION = 1;
				DEVELOPMENT_TEAM = ANBRNG88KJ;
				GENERATE_INFOPLIST_FILE = YES;
				INFOPLIST_FILE = Jesflix/Info.plist;
				INFOPLIST_KEY_CFBundleDisplayName = Jesflix;
				INFOPLIST_KEY_LSApplicationCategoryType = "public.app-category.entertainment";
				INFOPLIST_KEY_UIApplicationSupportsIndirectInputEvents = YES;
				INFOPLIST_KEY_UILaunchStoryboardName = LaunchScreen;
				INFOPLIST_KEY_UIMainStoryboardFile = Main;
				INFOPLIST_KEY_UISupportedInterfaceOrientations_iPad = "UIInterfaceOrientationPortrait UIInterfaceOrientationPortraitUpsideDown UIInterfaceOrientationLandscapeLeft UIInterfaceOrientationLandscapeRight";
				INFOPLIST_KEY_UISupportedInterfaceOrientations_iPhone = "UIInterfaceOrientationPortrait UIInterfaceOrientationLandscapeLeft UIInterfaceOrientationLandscapeRight";
				LD_RUNPATH_SEARCH_PATHS = (
					"$(inherited)",
					"@executable_path/Frameworks",
				);
				MARKETING_VERSION = 1.0;
				PRODUCT_BUNDLE_IDENTIFIER = jesusmarzor.Jesflix;
				PRODUCT_NAME = "$(TARGET_NAME)";
				SWIFT_EMIT_LOC_STRINGS = YES;
				SWIFT_VERSION = 5.0;
				TARGETED_DEVICE_FAMILY = "1,2";
			};
			name = Release;
		};
/* End XCBuildConfiguration section */

/* Begin XCConfigurationList section */
		605C704F297D630000249F0B /* Build configuration list for PBXProject "Jesflix" */ = {
			isa = XCConfigurationList;
			buildConfigurations = (
				605C7066297D630200249F0B /* Debug */,
				605C7067297D630200249F0B /* Release */,
			);
			defaultConfigurationIsVisible = 0;
			defaultConfigurationName = Release;
		};
		605C7068297D630200249F0B /* Build configuration list for PBXNativeTarget "Jesflix" */ = {
			isa = XCConfigurationList;
			buildConfigurations = (
				605C7069297D630200249F0B /* Debug */,
				605C706A297D630200249F0B /* Release */,
			);
			defaultConfigurationIsVisible = 0;
			defaultConfigurationName = Release;
		};
/* End XCConfigurationList section */

/* Begin XCVersionGroup section */
		60FB836D2986E29A00F99D4C /* JesflixCoreData.xcdatamodeld */ = {
			isa = XCVersionGroup;
			children = (
				60FB836E2986E29A00F99D4C /* JesflixCoreData.xcdatamodel */,
			);
			currentVersion = 60FB836E2986E29A00F99D4C /* JesflixCoreData.xcdatamodel */;
			path = JesflixCoreData.xcdatamodeld;
			sourceTree = "<group>";
			versionGroupType = wrapper.xcdatamodel;
		};
/* End XCVersionGroup section */
	};
	rootObject = 605C704C297D630000249F0B /* Project object */;
}
