// !$*UTF8*$!
{
	archiveVersion = 1;
	classes = {
	};
	objectVersion = 56;
	objects = {

/* Begin PBXBuildFile section */
		605C7058297D630000249F0B /* AppDelegate.swift in Sources */ = {isa = PBXBuildFile; fileRef = 605C7057297D630000249F0B /* AppDelegate.swift */; };
		605C705A297D630000249F0B /* SceneDelegate.swift in Sources */ = {isa = PBXBuildFile; fileRef = 605C7059297D630000249F0B /* SceneDelegate.swift */; };
		605C705C297D630000249F0B /* ViewController.swift in Sources */ = {isa = PBXBuildFile; fileRef = 605C705B297D630000249F0B /* ViewController.swift */; };
		605C705F297D630000249F0B /* Main.storyboard in Resources */ = {isa = PBXBuildFile; fileRef = 605C705D297D630000249F0B /* Main.storyboard */; };
		605C7061297D630200249F0B /* Assets.xcassets in Resources */ = {isa = PBXBuildFile; fileRef = 605C7060297D630200249F0B /* Assets.xcassets */; };
		605C7064297D630200249F0B /* LaunchScreen.storyboard in Resources */ = {isa = PBXBuildFile; fileRef = 605C7062297D630200249F0B /* LaunchScreen.storyboard */; };
		605C7074297D63C500249F0B /* AppCoordinator.swift in Sources */ = {isa = PBXBuildFile; fileRef = 605C7073297D63C500249F0B /* AppCoordinator.swift */; };
		605C7081297D643900249F0B /* LoginInteractorProtocol.swift in Sources */ = {isa = PBXBuildFile; fileRef = 605C7077297D643900249F0B /* LoginInteractorProtocol.swift */; };
		605C7082297D643900249F0B /* LoginPresenter.swift in Sources */ = {isa = PBXBuildFile; fileRef = 605C7078297D643900249F0B /* LoginPresenter.swift */; };
		605C7083297D643900249F0B /* LoginViewControllerProtocol.swift in Sources */ = {isa = PBXBuildFile; fileRef = 605C7079297D643900249F0B /* LoginViewControllerProtocol.swift */; };
		605C7084297D643900249F0B /* LoginPresenterProtocol.swift in Sources */ = {isa = PBXBuildFile; fileRef = 605C707A297D643900249F0B /* LoginPresenterProtocol.swift */; };
		605C7085297D643900249F0B /* LoginViewController.swift in Sources */ = {isa = PBXBuildFile; fileRef = 605C707B297D643900249F0B /* LoginViewController.swift */; };
		605C7086297D643900249F0B /* LoginBuilder.swift in Sources */ = {isa = PBXBuildFile; fileRef = 605C707C297D643900249F0B /* LoginBuilder.swift */; };
		605C7087297D643900249F0B /* LoginInteractor.swift in Sources */ = {isa = PBXBuildFile; fileRef = 605C707D297D643900249F0B /* LoginInteractor.swift */; };
		605C7088297D643900249F0B /* LoginDataManagerProtocol.swift in Sources */ = {isa = PBXBuildFile; fileRef = 605C707E297D643900249F0B /* LoginDataManagerProtocol.swift */; };
		605C7089297D643900249F0B /* LoginOutput.swift in Sources */ = {isa = PBXBuildFile; fileRef = 605C707F297D643900249F0B /* LoginOutput.swift */; };
		605C708A297D643900249F0B /* LoginDataManager.swift in Sources */ = {isa = PBXBuildFile; fileRef = 605C7080297D643900249F0B /* LoginDataManager.swift */; };
		605C709A297D691500249F0B /* Amaranth-Bold.ttf in Resources */ = {isa = PBXBuildFile; fileRef = 605C7095297D682C00249F0B /* Amaranth-Bold.ttf */; };
		605C709B297D691700249F0B /* Amaranth-BoldItalic.ttf in Resources */ = {isa = PBXBuildFile; fileRef = 605C7096297D683000249F0B /* Amaranth-BoldItalic.ttf */; };
		605C709C297D691A00249F0B /* Amaranth-Italic.ttf in Resources */ = {isa = PBXBuildFile; fileRef = 605C7097297D683100249F0B /* Amaranth-Italic.ttf */; };
		605C709D297D691C00249F0B /* Amaranth-Regular.ttf in Resources */ = {isa = PBXBuildFile; fileRef = 605C7098297D683A00249F0B /* Amaranth-Regular.ttf */; };
		8D43318DB99F69095338E031 /* Pods_Jesflix.framework in Frameworks */ = {isa = PBXBuildFile; fileRef = 5738AAD43404D8F8F236E020 /* Pods_Jesflix.framework */; };
/* End PBXBuildFile section */

/* Begin PBXFileReference section */
		5738AAD43404D8F8F236E020 /* Pods_Jesflix.framework */ = {isa = PBXFileReference; explicitFileType = wrapper.framework; includeInIndex = 0; path = Pods_Jesflix.framework; sourceTree = BUILT_PRODUCTS_DIR; };
		605C7054297D630000249F0B /* Jesflix.app */ = {isa = PBXFileReference; explicitFileType = wrapper.application; includeInIndex = 0; path = Jesflix.app; sourceTree = BUILT_PRODUCTS_DIR; };
		605C7057297D630000249F0B /* AppDelegate.swift */ = {isa = PBXFileReference; lastKnownFileType = sourcecode.swift; path = AppDelegate.swift; sourceTree = "<group>"; };
		605C7059297D630000249F0B /* SceneDelegate.swift */ = {isa = PBXFileReference; lastKnownFileType = sourcecode.swift; path = SceneDelegate.swift; sourceTree = "<group>"; };
		605C705B297D630000249F0B /* ViewController.swift */ = {isa = PBXFileReference; lastKnownFileType = sourcecode.swift; path = ViewController.swift; sourceTree = "<group>"; };
		605C705E297D630000249F0B /* Base */ = {isa = PBXFileReference; lastKnownFileType = file.storyboard; name = Base; path = Base.lproj/Main.storyboard; sourceTree = "<group>"; };
		605C7060297D630200249F0B /* Assets.xcassets */ = {isa = PBXFileReference; lastKnownFileType = folder.assetcatalog; path = Assets.xcassets; sourceTree = "<group>"; };
		605C7063297D630200249F0B /* Base */ = {isa = PBXFileReference; lastKnownFileType = file.storyboard; name = Base; path = Base.lproj/LaunchScreen.storyboard; sourceTree = "<group>"; };
		605C7065297D630200249F0B /* Info.plist */ = {isa = PBXFileReference; lastKnownFileType = text.plist.xml; path = Info.plist; sourceTree = "<group>"; };
		605C7073297D63C500249F0B /* AppCoordinator.swift */ = {isa = PBXFileReference; lastKnownFileType = sourcecode.swift; path = AppCoordinator.swift; sourceTree = "<group>"; };
		605C7077297D643900249F0B /* LoginInteractorProtocol.swift */ = {isa = PBXFileReference; lastKnownFileType = sourcecode.swift; path = LoginInteractorProtocol.swift; sourceTree = "<group>"; };
		605C7078297D643900249F0B /* LoginPresenter.swift */ = {isa = PBXFileReference; lastKnownFileType = sourcecode.swift; path = LoginPresenter.swift; sourceTree = "<group>"; };
		605C7079297D643900249F0B /* LoginViewControllerProtocol.swift */ = {isa = PBXFileReference; lastKnownFileType = sourcecode.swift; path = LoginViewControllerProtocol.swift; sourceTree = "<group>"; };
		605C707A297D643900249F0B /* LoginPresenterProtocol.swift */ = {isa = PBXFileReference; lastKnownFileType = sourcecode.swift; path = LoginPresenterProtocol.swift; sourceTree = "<group>"; };
		605C707B297D643900249F0B /* LoginViewController.swift */ = {isa = PBXFileReference; lastKnownFileType = sourcecode.swift; path = LoginViewController.swift; sourceTree = "<group>"; };
		605C707C297D643900249F0B /* LoginBuilder.swift */ = {isa = PBXFileReference; lastKnownFileType = sourcecode.swift; path = LoginBuilder.swift; sourceTree = "<group>"; };
		605C707D297D643900249F0B /* LoginInteractor.swift */ = {isa = PBXFileReference; lastKnownFileType = sourcecode.swift; path = LoginInteractor.swift; sourceTree = "<group>"; };
		605C707E297D643900249F0B /* LoginDataManagerProtocol.swift */ = {isa = PBXFileReference; lastKnownFileType = sourcecode.swift; path = LoginDataManagerProtocol.swift; sourceTree = "<group>"; };
		605C707F297D643900249F0B /* LoginOutput.swift */ = {isa = PBXFileReference; lastKnownFileType = sourcecode.swift; path = LoginOutput.swift; sourceTree = "<group>"; };
		605C7080297D643900249F0B /* LoginDataManager.swift */ = {isa = PBXFileReference; lastKnownFileType = sourcecode.swift; path = LoginDataManager.swift; sourceTree = "<group>"; };
		605C7095297D682C00249F0B /* Amaranth-Bold.ttf */ = {isa = PBXFileReference; lastKnownFileType = file; path = "Amaranth-Bold.ttf"; sourceTree = "<group>"; };
		605C7096297D683000249F0B /* Amaranth-BoldItalic.ttf */ = {isa = PBXFileReference; lastKnownFileType = file; path = "Amaranth-BoldItalic.ttf"; sourceTree = "<group>"; };
		605C7097297D683100249F0B /* Amaranth-Italic.ttf */ = {isa = PBXFileReference; lastKnownFileType = file; path = "Amaranth-Italic.ttf"; sourceTree = "<group>"; };
		605C7098297D683A00249F0B /* Amaranth-Regular.ttf */ = {isa = PBXFileReference; lastKnownFileType = file; path = "Amaranth-Regular.ttf"; sourceTree = "<group>"; };
		C9426A5CC3B56D5C1F82F410 /* Pods-Jesflix.release.xcconfig */ = {isa = PBXFileReference; includeInIndex = 1; lastKnownFileType = text.xcconfig; name = "Pods-Jesflix.release.xcconfig"; path = "Target Support Files/Pods-Jesflix/Pods-Jesflix.release.xcconfig"; sourceTree = "<group>"; };
		CB7917AC5AE2C0FBD0ED54CA /* Pods-Jesflix.debug.xcconfig */ = {isa = PBXFileReference; includeInIndex = 1; lastKnownFileType = text.xcconfig; name = "Pods-Jesflix.debug.xcconfig"; path = "Target Support Files/Pods-Jesflix/Pods-Jesflix.debug.xcconfig"; sourceTree = "<group>"; };
/* End PBXFileReference section */

/* Begin PBXFrameworksBuildPhase section */
		605C7051297D630000249F0B /* Frameworks */ = {
			isa = PBXFrameworksBuildPhase;
			buildActionMask = 2147483647;
			files = (
				8D43318DB99F69095338E031 /* Pods_Jesflix.framework in Frameworks */,
			);
			runOnlyForDeploymentPostprocessing = 0;
		};
/* End PBXFrameworksBuildPhase section */

/* Begin PBXGroup section */
		001BAC6B051DAD716A169475 /* Pods */ = {
			isa = PBXGroup;
			children = (
				CB7917AC5AE2C0FBD0ED54CA /* Pods-Jesflix.debug.xcconfig */,
				C9426A5CC3B56D5C1F82F410 /* Pods-Jesflix.release.xcconfig */,
			);
			path = Pods;
			sourceTree = "<group>";
		};
		605C704B297D630000249F0B = {
			isa = PBXGroup;
			children = (
				605C708F297D673100249F0B /* Theme */,
				605C7075297D641200249F0B /* Modules */,
				605C7072297D63B500249F0B /* Coordinators */,
				605C7056297D630000249F0B /* Jesflix */,
				605C7055297D630000249F0B /* Products */,
				001BAC6B051DAD716A169475 /* Pods */,
				A3835D61A356DB8D46CCB30C /* Frameworks */,
			);
			sourceTree = "<group>";
		};
		605C7055297D630000249F0B /* Products */ = {
			isa = PBXGroup;
			children = (
				605C7054297D630000249F0B /* Jesflix.app */,
			);
			name = Products;
			sourceTree = "<group>";
		};
		605C7056297D630000249F0B /* Jesflix */ = {
			isa = PBXGroup;
			children = (
				605C7057297D630000249F0B /* AppDelegate.swift */,
				605C7059297D630000249F0B /* SceneDelegate.swift */,
				605C705B297D630000249F0B /* ViewController.swift */,
				605C705D297D630000249F0B /* Main.storyboard */,
				605C7060297D630200249F0B /* Assets.xcassets */,
				605C7062297D630200249F0B /* LaunchScreen.storyboard */,
				605C7065297D630200249F0B /* Info.plist */,
			);
			path = Jesflix;
			sourceTree = "<group>";
		};
		605C7072297D63B500249F0B /* Coordinators */ = {
			isa = PBXGroup;
			children = (
				605C7073297D63C500249F0B /* AppCoordinator.swift */,
			);
			path = Coordinators;
			sourceTree = "<group>";
		};
		605C7075297D641200249F0B /* Modules */ = {
			isa = PBXGroup;
			children = (
				605C7076297D641800249F0B /* Login */,
			);
			path = Modules;
			sourceTree = "<group>";
		};
		605C7076297D641800249F0B /* Login */ = {
			isa = PBXGroup;
			children = (
				605C708E297D645300249F0B /* DataManager */,
				605C708D297D644E00249F0B /* Interactor */,
				605C708C297D644900249F0B /* Presenter */,
				605C708B297D643E00249F0B /* View */,
				605C707C297D643900249F0B /* LoginBuilder.swift */,
				605C707F297D643900249F0B /* LoginOutput.swift */,
			);
			path = Login;
			sourceTree = "<group>";
		};
		605C708B297D643E00249F0B /* View */ = {
			isa = PBXGroup;
			children = (
				605C7079297D643900249F0B /* LoginViewControllerProtocol.swift */,
				605C707B297D643900249F0B /* LoginViewController.swift */,
			);
			path = View;
			sourceTree = "<group>";
		};
		605C708C297D644900249F0B /* Presenter */ = {
			isa = PBXGroup;
			children = (
				605C7078297D643900249F0B /* LoginPresenter.swift */,
				605C707A297D643900249F0B /* LoginPresenterProtocol.swift */,
			);
			path = Presenter;
			sourceTree = "<group>";
		};
		605C708D297D644E00249F0B /* Interactor */ = {
			isa = PBXGroup;
			children = (
				605C7077297D643900249F0B /* LoginInteractorProtocol.swift */,
				605C707D297D643900249F0B /* LoginInteractor.swift */,
			);
			path = Interactor;
			sourceTree = "<group>";
		};
		605C708E297D645300249F0B /* DataManager */ = {
			isa = PBXGroup;
			children = (
				605C707E297D643900249F0B /* LoginDataManagerProtocol.swift */,
				605C7080297D643900249F0B /* LoginDataManager.swift */,
			);
			path = DataManager;
			sourceTree = "<group>";
		};
		605C708F297D673100249F0B /* Theme */ = {
			isa = PBXGroup;
			children = (
				605C7090297D673B00249F0B /* Font */,
			);
			path = Theme;
			sourceTree = "<group>";
		};
		605C7090297D673B00249F0B /* Font */ = {
			isa = PBXGroup;
			children = (
				605C7095297D682C00249F0B /* Amaranth-Bold.ttf */,
				605C7096297D683000249F0B /* Amaranth-BoldItalic.ttf */,
				605C7097297D683100249F0B /* Amaranth-Italic.ttf */,
				605C7098297D683A00249F0B /* Amaranth-Regular.ttf */,
			);
			path = Font;
			sourceTree = "<group>";
		};
		A3835D61A356DB8D46CCB30C /* Frameworks */ = {
			isa = PBXGroup;
			children = (
				5738AAD43404D8F8F236E020 /* Pods_Jesflix.framework */,
			);
			name = Frameworks;
			sourceTree = "<group>";
		};
/* End PBXGroup section */

/* Begin PBXNativeTarget section */
		605C7053297D630000249F0B /* Jesflix */ = {
			isa = PBXNativeTarget;
			buildConfigurationList = 605C7068297D630200249F0B /* Build configuration list for PBXNativeTarget "Jesflix" */;
			buildPhases = (
				4A5893E5344AAAD3A7293D20 /* [CP] Check Pods Manifest.lock */,
				605C7050297D630000249F0B /* Sources */,
				605C7051297D630000249F0B /* Frameworks */,
				605C7052297D630000249F0B /* Resources */,
				6039BDB3297DD3C800E7DAE9 /* Swiftlint */,
				6879259457EC1A0AFAB35AF5 /* [CP] Embed Pods Frameworks */,
			);
			buildRules = (
			);
			dependencies = (
			);
			name = Jesflix;
			productName = Jesflix;
			productReference = 605C7054297D630000249F0B /* Jesflix.app */;
			productType = "com.apple.product-type.application";
		};
/* End PBXNativeTarget section */

/* Begin PBXProject section */
		605C704C297D630000249F0B /* Project object */ = {
			isa = PBXProject;
			attributes = {
				BuildIndependentTargetsInParallel = 1;
				LastSwiftUpdateCheck = 1400;
				LastUpgradeCheck = 1400;
				TargetAttributes = {
					605C7053297D630000249F0B = {
						CreatedOnToolsVersion = 14.0;
					};
				};
			};
			buildConfigurationList = 605C704F297D630000249F0B /* Build configuration list for PBXProject "Jesflix" */;
			compatibilityVersion = "Xcode 14.0";
			developmentRegion = en;
			hasScannedForEncodings = 0;
			knownRegions = (
				en,
				Base,
			);
			mainGroup = 605C704B297D630000249F0B;
			productRefGroup = 605C7055297D630000249F0B /* Products */;
			projectDirPath = "";
			projectRoot = "";
			targets = (
				605C7053297D630000249F0B /* Jesflix */,
			);
		};
/* End PBXProject section */

/* Begin PBXResourcesBuildPhase section */
		605C7052297D630000249F0B /* Resources */ = {
			isa = PBXResourcesBuildPhase;
			buildActionMask = 2147483647;
			files = (
				605C709C297D691A00249F0B /* Amaranth-Italic.ttf in Resources */,
				605C709B297D691700249F0B /* Amaranth-BoldItalic.ttf in Resources */,
				605C7064297D630200249F0B /* LaunchScreen.storyboard in Resources */,
				605C7061297D630200249F0B /* Assets.xcassets in Resources */,
				605C709D297D691C00249F0B /* Amaranth-Regular.ttf in Resources */,
				605C705F297D630000249F0B /* Main.storyboard in Resources */,
				605C709A297D691500249F0B /* Amaranth-Bold.ttf in Resources */,
			);
			runOnlyForDeploymentPostprocessing = 0;
		};
/* End PBXResourcesBuildPhase section */

/* Begin PBXShellScriptBuildPhase section */
		4A5893E5344AAAD3A7293D20 /* [CP] Check Pods Manifest.lock */ = {
			isa = PBXShellScriptBuildPhase;
			buildActionMask = 2147483647;
			files = (
			);
			inputFileListPaths = (
			);
			inputPaths = (
				"${PODS_PODFILE_DIR_PATH}/Podfile.lock",
				"${PODS_ROOT}/Manifest.lock",
			);
			name = "[CP] Check Pods Manifest.lock";
			outputFileListPaths = (
			);
			outputPaths = (
				"$(DERIVED_FILE_DIR)/Pods-Jesflix-checkManifestLockResult.txt",
			);
			runOnlyForDeploymentPostprocessing = 0;
			shellPath = /bin/sh;
			shellScript = "diff \"${PODS_PODFILE_DIR_PATH}/Podfile.lock\" \"${PODS_ROOT}/Manifest.lock\" > /dev/null\nif [ $? != 0 ] ; then\n    # print error to STDERR\n    echo \"error: The sandbox is not in sync with the Podfile.lock. Run 'pod install' or update your CocoaPods installation.\" >&2\n    exit 1\nfi\n# This output is used by Xcode 'outputs' to avoid re-running this script phase.\necho \"SUCCESS\" > \"${SCRIPT_OUTPUT_FILE_0}\"\n";
			showEnvVarsInLog = 0;
		};
		6039BDB3297DD3C800E7DAE9 /* Swiftlint */ = {
			isa = PBXShellScriptBuildPhase;
			alwaysOutOfDate = 1;
			buildActionMask = 2147483647;
			files = (
			);
			inputFileListPaths = (
			);
			inputPaths = (
			);
			name = Swiftlint;
			outputFileListPaths = (
			);
			outputPaths = (
			);
			runOnlyForDeploymentPostprocessing = 0;
			shellPath = /bin/sh;
			shellScript = "if which swiftlint >/dev/null; then\n  swiftlint lint --strict | sed \"s/warning:/error:/\"\nelse\n  echo \"warning: SwiftLint not installed, download from https://github.com/realm/SwiftLint\"\nfi\n";
		};
		6879259457EC1A0AFAB35AF5 /* [CP] Embed Pods Frameworks */ = {
			isa = PBXShellScriptBuildPhase;
			buildActionMask = 2147483647;
			files = (
			);
			inputFileListPaths = (
				"${PODS_ROOT}/Target Support Files/Pods-Jesflix/Pods-Jesflix-frameworks-${CONFIGURATION}-input-files.xcfilelist",
			);
			name = "[CP] Embed Pods Frameworks";
			outputFileListPaths = (
				"${PODS_ROOT}/Target Support Files/Pods-Jesflix/Pods-Jesflix-frameworks-${CONFIGURATION}-output-files.xcfilelist",
			);
			runOnlyForDeploymentPostprocessing = 0;
			shellPath = /bin/sh;
			shellScript = "\"${PODS_ROOT}/Target Support Files/Pods-Jesflix/Pods-Jesflix-frameworks.sh\"\n";
			showEnvVarsInLog = 0;
		};
/* End PBXShellScriptBuildPhase section */

/* Begin PBXSourcesBuildPhase section */
		605C7050297D630000249F0B /* Sources */ = {
			isa = PBXSourcesBuildPhase;
			buildActionMask = 2147483647;
			files = (
				605C7085297D643900249F0B /* LoginViewController.swift in Sources */,
				605C7087297D643900249F0B /* LoginInteractor.swift in Sources */,
				605C7082297D643900249F0B /* LoginPresenter.swift in Sources */,
				605C7089297D643900249F0B /* LoginOutput.swift in Sources */,
				605C7083297D643900249F0B /* LoginViewControllerProtocol.swift in Sources */,
				605C7084297D643900249F0B /* LoginPresenterProtocol.swift in Sources */,
				605C7088297D643900249F0B /* LoginDataManagerProtocol.swift in Sources */,
				605C7081297D643900249F0B /* LoginInteractorProtocol.swift in Sources */,
				605C7074297D63C500249F0B /* AppCoordinator.swift in Sources */,
				605C705C297D630000249F0B /* ViewController.swift in Sources */,
				605C7086297D643900249F0B /* LoginBuilder.swift in Sources */,
				605C7058297D630000249F0B /* AppDelegate.swift in Sources */,
				605C705A297D630000249F0B /* SceneDelegate.swift in Sources */,
				605C708A297D643900249F0B /* LoginDataManager.swift in Sources */,
			);
			runOnlyForDeploymentPostprocessing = 0;
		};
/* End PBXSourcesBuildPhase section */

/* Begin PBXVariantGroup section */
		605C705D297D630000249F0B /* Main.storyboard */ = {
			isa = PBXVariantGroup;
			children = (
				605C705E297D630000249F0B /* Base */,
			);
			name = Main.storyboard;
			sourceTree = "<group>";
		};
		605C7062297D630200249F0B /* LaunchScreen.storyboard */ = {
			isa = PBXVariantGroup;
			children = (
				605C7063297D630200249F0B /* Base */,
			);
			name = LaunchScreen.storyboard;
			sourceTree = "<group>";
		};
/* End PBXVariantGroup section */

/* Begin XCBuildConfiguration section */
		605C7066297D630200249F0B /* Debug */ = {
			isa = XCBuildConfiguration;
			buildSettings = {
				ALWAYS_SEARCH_USER_PATHS = NO;
				CLANG_ANALYZER_NONNULL = YES;
				CLANG_ANALYZER_NUMBER_OBJECT_CONVERSION = YES_AGGRESSIVE;
				CLANG_CXX_LANGUAGE_STANDARD = "gnu++20";
				CLANG_ENABLE_MODULES = YES;
				CLANG_ENABLE_OBJC_ARC = YES;
				CLANG_ENABLE_OBJC_WEAK = YES;
				CLANG_WARN_BLOCK_CAPTURE_AUTORELEASING = YES;
				CLANG_WARN_BOOL_CONVERSION = YES;
				CLANG_WARN_COMMA = YES;
				CLANG_WARN_CONSTANT_CONVERSION = YES;
				CLANG_WARN_DEPRECATED_OBJC_IMPLEMENTATIONS = YES;
				CLANG_WARN_DIRECT_OBJC_ISA_USAGE = YES_ERROR;
				CLANG_WARN_DOCUMENTATION_COMMENTS = YES;
				CLANG_WARN_EMPTY_BODY = YES;
				CLANG_WARN_ENUM_CONVERSION = YES;
				CLANG_WARN_INFINITE_RECURSION = YES;
				CLANG_WARN_INT_CONVERSION = YES;
				CLANG_WARN_NON_LITERAL_NULL_CONVERSION = YES;
				CLANG_WARN_OBJC_IMPLICIT_RETAIN_SELF = YES;
				CLANG_WARN_OBJC_LITERAL_CONVERSION = YES;
				CLANG_WARN_OBJC_ROOT_CLASS = YES_ERROR;
				CLANG_WARN_QUOTED_INCLUDE_IN_FRAMEWORK_HEADER = YES;
				CLANG_WARN_RANGE_LOOP_ANALYSIS = YES;
				CLANG_WARN_STRICT_PROTOTYPES = YES;
				CLANG_WARN_SUSPICIOUS_MOVE = YES;
				CLANG_WARN_UNGUARDED_AVAILABILITY = YES_AGGRESSIVE;
				CLANG_WARN_UNREACHABLE_CODE = YES;
				CLANG_WARN__DUPLICATE_METHOD_MATCH = YES;
				COPY_PHASE_STRIP = NO;
				DEBUG_INFORMATION_FORMAT = dwarf;
				ENABLE_STRICT_OBJC_MSGSEND = YES;
				ENABLE_TESTABILITY = YES;
				GCC_C_LANGUAGE_STANDARD = gnu11;
				GCC_DYNAMIC_NO_PIC = NO;
				GCC_NO_COMMON_BLOCKS = YES;
				GCC_OPTIMIZATION_LEVEL = 0;
				GCC_PREPROCESSOR_DEFINITIONS = (
					"DEBUG=1",
					"$(inherited)",
				);
				GCC_WARN_64_TO_32_BIT_CONVERSION = YES;
				GCC_WARN_ABOUT_RETURN_TYPE = YES_ERROR;
				GCC_WARN_UNDECLARED_SELECTOR = YES;
				GCC_WARN_UNINITIALIZED_AUTOS = YES_AGGRESSIVE;
				GCC_WARN_UNUSED_FUNCTION = YES;
				GCC_WARN_UNUSED_VARIABLE = YES;
				IPHONEOS_DEPLOYMENT_TARGET = 16.0;
				MTL_ENABLE_DEBUG_INFO = INCLUDE_SOURCE;
				MTL_FAST_MATH = YES;
				ONLY_ACTIVE_ARCH = YES;
				SDKROOT = iphoneos;
				SWIFT_ACTIVE_COMPILATION_CONDITIONS = DEBUG;
				SWIFT_OPTIMIZATION_LEVEL = "-Onone";
			};
			name = Debug;
		};
		605C7067297D630200249F0B /* Release */ = {
			isa = XCBuildConfiguration;
			buildSettings = {
				ALWAYS_SEARCH_USER_PATHS = NO;
				CLANG_ANALYZER_NONNULL = YES;
				CLANG_ANALYZER_NUMBER_OBJECT_CONVERSION = YES_AGGRESSIVE;
				CLANG_CXX_LANGUAGE_STANDARD = "gnu++20";
				CLANG_ENABLE_MODULES = YES;
				CLANG_ENABLE_OBJC_ARC = YES;
				CLANG_ENABLE_OBJC_WEAK = YES;
				CLANG_WARN_BLOCK_CAPTURE_AUTORELEASING = YES;
				CLANG_WARN_BOOL_CONVERSION = YES;
				CLANG_WARN_COMMA = YES;
				CLANG_WARN_CONSTANT_CONVERSION = YES;
				CLANG_WARN_DEPRECATED_OBJC_IMPLEMENTATIONS = YES;
				CLANG_WARN_DIRECT_OBJC_ISA_USAGE = YES_ERROR;
				CLANG_WARN_DOCUMENTATION_COMMENTS = YES;
				CLANG_WARN_EMPTY_BODY = YES;
				CLANG_WARN_ENUM_CONVERSION = YES;
				CLANG_WARN_INFINITE_RECURSION = YES;
				CLANG_WARN_INT_CONVERSION = YES;
				CLANG_WARN_NON_LITERAL_NULL_CONVERSION = YES;
				CLANG_WARN_OBJC_IMPLICIT_RETAIN_SELF = YES;
				CLANG_WARN_OBJC_LITERAL_CONVERSION = YES;
				CLANG_WARN_OBJC_ROOT_CLASS = YES_ERROR;
				CLANG_WARN_QUOTED_INCLUDE_IN_FRAMEWORK_HEADER = YES;
				CLANG_WARN_RANGE_LOOP_ANALYSIS = YES;
				CLANG_WARN_STRICT_PROTOTYPES = YES;
				CLANG_WARN_SUSPICIOUS_MOVE = YES;
				CLANG_WARN_UNGUARDED_AVAILABILITY = YES_AGGRESSIVE;
				CLANG_WARN_UNREACHABLE_CODE = YES;
				CLANG_WARN__DUPLICATE_METHOD_MATCH = YES;
				COPY_PHASE_STRIP = NO;
				DEBUG_INFORMATION_FORMAT = "dwarf-with-dsym";
				ENABLE_NS_ASSERTIONS = NO;
				ENABLE_STRICT_OBJC_MSGSEND = YES;
				GCC_C_LANGUAGE_STANDARD = gnu11;
				GCC_NO_COMMON_BLOCKS = YES;
				GCC_WARN_64_TO_32_BIT_CONVERSION = YES;
				GCC_WARN_ABOUT_RETURN_TYPE = YES_ERROR;
				GCC_WARN_UNDECLARED_SELECTOR = YES;
				GCC_WARN_UNINITIALIZED_AUTOS = YES_AGGRESSIVE;
				GCC_WARN_UNUSED_FUNCTION = YES;
				GCC_WARN_UNUSED_VARIABLE = YES;
				IPHONEOS_DEPLOYMENT_TARGET = 16.0;
				MTL_ENABLE_DEBUG_INFO = NO;
				MTL_FAST_MATH = YES;
				SDKROOT = iphoneos;
				SWIFT_COMPILATION_MODE = wholemodule;
				SWIFT_OPTIMIZATION_LEVEL = "-O";
				VALIDATE_PRODUCT = YES;
			};
			name = Release;
		};
		605C7069297D630200249F0B /* Debug */ = {
			isa = XCBuildConfiguration;
			baseConfigurationReference = CB7917AC5AE2C0FBD0ED54CA /* Pods-Jesflix.debug.xcconfig */;
			buildSettings = {
				ASSETCATALOG_COMPILER_APPICON_NAME = AppIcon;
				ASSETCATALOG_COMPILER_GLOBAL_ACCENT_COLOR_NAME = AccentColor;
				CODE_SIGN_STYLE = Automatic;
				CURRENT_PROJECT_VERSION = 1;
				DEVELOPMENT_TEAM = ANBRNG88KJ;
				GENERATE_INFOPLIST_FILE = YES;
				INFOPLIST_FILE = Jesflix/Info.plist;
				INFOPLIST_KEY_CFBundleDisplayName = Jesflix;
				INFOPLIST_KEY_LSApplicationCategoryType = "public.app-category.entertainment";
				INFOPLIST_KEY_UIApplicationSupportsIndirectInputEvents = YES;
				INFOPLIST_KEY_UILaunchStoryboardName = LaunchScreen;
				INFOPLIST_KEY_UIMainStoryboardFile = Main;
				INFOPLIST_KEY_UISupportedInterfaceOrientations_iPad = "UIInterfaceOrientationPortrait UIInterfaceOrientationPortraitUpsideDown UIInterfaceOrientationLandscapeLeft UIInterfaceOrientationLandscapeRight";
				INFOPLIST_KEY_UISupportedInterfaceOrientations_iPhone = "UIInterfaceOrientationPortrait UIInterfaceOrientationLandscapeLeft UIInterfaceOrientationLandscapeRight";
				LD_RUNPATH_SEARCH_PATHS = (
					"$(inherited)",
					"@executable_path/Frameworks",
				);
				MARKETING_VERSION = 1.0;
				PRODUCT_BUNDLE_IDENTIFIER = jesusmarzor.Jesflix;
				PRODUCT_NAME = "$(TARGET_NAME)";
				SWIFT_EMIT_LOC_STRINGS = YES;
				SWIFT_VERSION = 5.0;
				TARGETED_DEVICE_FAMILY = "1,2";
			};
			name = Debug;
		};
		605C706A297D630200249F0B /* Release */ = {
			isa = XCBuildConfiguration;
			baseConfigurationReference = C9426A5CC3B56D5C1F82F410 /* Pods-Jesflix.release.xcconfig */;
			buildSettings = {
				ASSETCATALOG_COMPILER_APPICON_NAME = AppIcon;
				ASSETCATALOG_COMPILER_GLOBAL_ACCENT_COLOR_NAME = AccentColor;
				CODE_SIGN_STYLE = Automatic;
				CURRENT_PROJECT_VERSION = 1;
				DEVELOPMENT_TEAM = ANBRNG88KJ;
				GENERATE_INFOPLIST_FILE = YES;
				INFOPLIST_FILE = Jesflix/Info.plist;
				INFOPLIST_KEY_CFBundleDisplayName = Jesflix;
				INFOPLIST_KEY_LSApplicationCategoryType = "public.app-category.entertainment";
				INFOPLIST_KEY_UIApplicationSupportsIndirectInputEvents = YES;
				INFOPLIST_KEY_UILaunchStoryboardName = LaunchScreen;
				INFOPLIST_KEY_UIMainStoryboardFile = Main;
				INFOPLIST_KEY_UISupportedInterfaceOrientations_iPad = "UIInterfaceOrientationPortrait UIInterfaceOrientationPortraitUpsideDown UIInterfaceOrientationLandscapeLeft UIInterfaceOrientationLandscapeRight";
				INFOPLIST_KEY_UISupportedInterfaceOrientations_iPhone = "UIInterfaceOrientationPortrait UIInterfaceOrientationLandscapeLeft UIInterfaceOrientationLandscapeRight";
				LD_RUNPATH_SEARCH_PATHS = (
					"$(inherited)",
					"@executable_path/Frameworks",
				);
				MARKETING_VERSION = 1.0;
				PRODUCT_BUNDLE_IDENTIFIER = jesusmarzor.Jesflix;
				PRODUCT_NAME = "$(TARGET_NAME)";
				SWIFT_EMIT_LOC_STRINGS = YES;
				SWIFT_VERSION = 5.0;
				TARGETED_DEVICE_FAMILY = "1,2";
			};
			name = Release;
		};
/* End XCBuildConfiguration section */

/* Begin XCConfigurationList section */
		605C704F297D630000249F0B /* Build configuration list for PBXProject "Jesflix" */ = {
			isa = XCConfigurationList;
			buildConfigurations = (
				605C7066297D630200249F0B /* Debug */,
				605C7067297D630200249F0B /* Release */,
			);
			defaultConfigurationIsVisible = 0;
			defaultConfigurationName = Release;
		};
		605C7068297D630200249F0B /* Build configuration list for PBXNativeTarget "Jesflix" */ = {
			isa = XCConfigurationList;
			buildConfigurations = (
				605C7069297D630200249F0B /* Debug */,
				605C706A297D630200249F0B /* Release */,
			);
			defaultConfigurationIsVisible = 0;
			defaultConfigurationName = Release;
		};
/* End XCConfigurationList section */
	};
	rootObject = 605C704C297D630000249F0B /* Project object */;
}
